{"format_version":"1.0","terraform_version":"1.1.7","variables":{"azure_container_registry_admin_enabled":{"value":false},"azure_container_registry_georeplication_location_1":{"value":"East US"},"azure_container_registry_georeplication_zone_redundancy_enabled_1":{"value":true},"azure_container_registry_name":{"value":"azeu2acrd01"},"azure_container_registry_sku":{"value":"Premium"},"azure_cosmosdb_account_capabilities_name_1":{"value":"EnableAggregationPipeline"},"azure_cosmosdb_account_capabilities_name_2":{"value":"mongoEnableDocLevelTTL"},"azure_cosmosdb_account_capabilities_name_3":{"value":"MongoDBv3.4"},"azure_cosmosdb_account_capabilities_name_4":{"value":"EnableMongo"},"azure_cosmosdb_account_consistency_level":{"value":"BoundedStaleness"},"azure_cosmosdb_account_enable_automatic_failover":{"value":true},"azure_cosmosdb_account_geo_location_failover_priority_1":{"value":1},"azure_cosmosdb_account_geo_location_failover_priority_2":{"value":0},"azure_cosmosdb_account_geo_location_location_1":{"value":"eastus"},"azure_cosmosdb_account_geo_location_location_2":{"value":"westus"},"azure_cosmosdb_account_kind":{"value":"MongoDB"},"azure_cosmosdb_account_max_interval_in_seconds":{"value":300},"azure_cosmosdb_account_max_staleness_prefix":{"value":100000},"azure_cosmosdb_account_name":{"value":"azwe2cdbd01"},"azure_cosmosdb_account_offer_type":{"value":"Standard"},"azure_key_vault_access_policy_key_permissions":{"value":"Get"},"azure_key_vault_access_policy_secret_permissions":{"value":"Get"},"azure_key_vault_access_policy_storage_permissions":{"value":"Get"},"azure_key_vault_enabled_for_disk_encryption":{"value":true},"azure_key_vault_name":{"value":"keyvault-test-coe-341"},"azure_key_vault_purge_protection_enabled":{"value":false},"azure_key_vault_sku_name":{"value":"standard"},"azure_key_vault_soft_delete_retention_days":{"value":7},"azure_kubernetes_cluster_default_node_pool_enable_auto_scaling":{"value":true},"azure_kubernetes_cluster_default_node_pool_max_count":{"value":2},"azure_kubernetes_cluster_default_node_pool_min_count":{"value":1},"azure_kubernetes_cluster_default_node_pool_name":{"value":"default-pool-name"},"azure_kubernetes_cluster_default_node_pool_node_count":{"value":1},"azure_kubernetes_cluster_default_node_pool_type":{"value":"VirtualMachineScaleSets"},"azure_kubernetes_cluster_default_node_pool_vm_size":{"value":"Standard_D2_v2"},"azure_kubernetes_cluster_dns_prefix":{"value":"exampleaks1"},"azure_kubernetes_cluster_identity_type":{"value":"SystemAssigned"},"azure_kubernetes_cluster_name":{"value":"example-aks1"},"azure_kubernetes_cluster_private_cluster_enabled":{"value":true},"azure_kubernetes_private_dns_zone_name":{"value":"privatelink.westus2.azmk8s.io"},"azure_kubernetes_role_assignment_role_definition_name":{"value":"Private DNS Zone Contributor"},"azure_kubernetes_user_assigned_identity_name":{"value":"aks-example-identity"},"azure_nat_gateway_idle_timeout_in_minutes":{"value":10},"azure_nat_gateway_name":{"value":"azwe2natgd01"},"azure_nat_gateway_sku_name":{"value":"Standard"},"azure_network_security_group_name":{"value":"security-group-name-coe"},"azure_network_security_group_name_nsg_rules_inbound":{"value":[{"access":"Allow","destination_address_prefix":"*","destination_port_range":"80","direction":"Inbound","name":"AllowWebIn","priority":100,"protocol":"Tcp","source_address_prefix":"*","source_port_range":"*"},{"access":"Allow","destination_address_prefix":"*","destination_port_range":"443","direction":"Inbound","name":"AllowSSLIn","priority":110,"protocol":"Tcp","source_address_prefix":"*","source_port_range":"*"},{"access":"Allow","destination_address_prefix":"*","destination_port_range":"3389","direction":"Inbound","name":"AllowRDPIn","priority":120,"protocol":"Tcp","source_address_prefix":"*","source_port_range":"*"}]},"azure_network_security_group_name_nsg_rules_outbound":{"value":[{"access":"Allow","destination_address_prefix":"*","destination_port_range":"80","direction":"Outbound","name":"AllowWebOut","priority":100,"protocol":"Tcp","source_address_prefix":"*","source_port_range":"*"},{"access":"Allow","destination_address_prefix":"*","destination_port_range":"443","direction":"Outbound","name":"AllowSSLOut","priority":110,"protocol":"Tcp","source_address_prefix":"*","source_port_range":"*"}]},"azure_public_ip_name":{"value":"azwe2-nat-gateway-public-ip-d01"},"azure_public_ip_name_allocation_method":{"value":"Static"},"azure_public_ip_prefix_length":{"value":30},"azure_public_ip_prefix_name":{"value":"azwe2-nat-gateway-public-prefix-ip-d01"},"azure_public_ip_sku":{"value":"Standard"},"azure_public_ip_sku_tier":{"value":"Regional"},"azure_resource_group_location":{"value":"West US"},"azure_resource_group_name":{"value":"rg-latam-modernization-peru-westus-001"},"azure_storage_access_tier":{"value":"Hot"},"azure_storage_account_account_kind":{"value":"StorageV2"},"azure_storage_account_blob_properties_delete_retention_policy_days":{"value":5},"azure_storage_account_blob_properties_versioning_enabled":{"value":true},"azure_storage_account_enable_https_traffic_only":{"value":true},"azure_storage_account_min_tls_version":{"value":"TLS1_2"},"azure_storage_account_name":{"value":"azeu2stacd01"},"azure_storage_account_network_rules_default_action":{"value":"Allow"},"azure_storage_account_network_rules_ip_rules":{"value":["100.0.0.1"]},"azure_storage_account_replication_type":{"value":"GRS"},"azure_storage_account_tier":{"value":"Standard"},"azure_vnet_address_space":{"value":["10.0.0.0/16"]},"azure_vnet_dns_servers":{"value":["10.0.0.4","10.0.0.5"]},"azure_vnet_name":{"value":"azwe2vnetd01"},"azure_vnet_private_subnet_address_prefixes":{"value":["10.0.1.0/24","10.0.2.0/24"]},"azure_vnet_private_subnet_name":{"value":"private-subnet"},"azure_vnet_public_subnet_address_prefixes":{"value":["10.0.3.0/24","10.0.4.0/24"]},"azure_vnet_public_subnet_name":{"value":"public-subnet"},"env":{"value":"dev01"},"primary_region":{"value":"us-west"},"project":{"value":"coe"},"secondary_region":{"value":"us-east"}},"planned_values":{"root_module":{"child_modules":[{"resources":[{"address":"module.azure_container_registry.azurerm_container_registry.coe_azure_container_registry","mode":"managed","type":"azurerm_container_registry","name":"coe_azure_container_registry","provider_name":"registry.terraform.io/hashicorp/azurerm","schema_version":2,"values":{"admin_enabled":false,"admin_password":"","admin_username":"","anonymous_pull_enabled":false,"data_endpoint_enabled":false,"encryption":[{"enabled":false,"identity_client_id":"","key_vault_key_id":""}],"export_policy_enabled":true,"georeplications":[{"location":"eastus","regional_endpoint_enabled":false,"tags":{"Createdby":"Kyndryl","ENV":"dev01","Impact":"Alto","Name":"dev01-coe-azwe12acrd01","Project":"coe"},"zone_redundancy_enabled":true}],"id":"/subscriptions/90c966dd-2583-40fe-9271-79cd238dbe2c/resourceGroups/rg-latam-modernization-peru-westus-001/providers/Microsoft.ContainerRegistry/registries/azeu2acrd01","identity":[],"location":"westus","login_server":"azeu2acrd01.azurecr.io","name":"azeu2acrd01","network_rule_bypass_option":"AzureServices","network_rule_set":[{"default_action":"Allow","ip_rule":[],"virtual_network":[]}],"public_network_access_enabled":true,"quarantine_policy_enabled":false,"resource_group_name":"rg-latam-modernization-peru-westus-001","retention_policy":[{"days":7,"enabled":false}],"sku":"Premium","tags":{},"timeouts":null,"trust_policy":[{"enabled":false}],"zone_redundancy_enabled":false},"sensitive_values":{"encryption":[{}],"georeplications":[{"tags":{}}],"identity":[],"network_rule_set":[{"ip_rule":[],"virtual_network":[]}],"retention_policy":[{}],"tags":{},"trust_policy":[{}]}}],"address":"module.azure_container_registry"},{"resources":[{"address":"module.azure_cosmosdb.azurerm_cosmosdb_account.coe_azure_cosmosdb_account","mode":"managed","type":"azurerm_cosmosdb_account","name":"coe_azure_cosmosdb_account","provider_name":"registry.terraform.io/hashicorp/azurerm","schema_version":0,"values":{"access_key_metadata_writes_enabled":true,"analytical_storage":[{"schema_type":"FullFidelity"}],"analytical_storage_enabled":false,"backup":[{"interval_in_minutes":240,"retention_in_hours":8,"storage_redundancy":"Geo","type":"Periodic"}],"capabilities":[{"name":"EnableAggregationPipeline"},{"name":"EnableMongo"},{"name":"MongoDBv3.4"},{"name":"mongoEnableDocLevelTTL"}],"capacity":[],"connection_strings":["mongodb://azwe2cdbd01:GX5tX4vdea3BEoofPKAw0PQsg86UItcW4oWwghbCQQaJx1bEXEWcE7QWKGlI1GDCfmlnJShIijWaACDbQJbrew==@azwe2cdbd01.mongo.cosmos.azure.com:10255/?ssl=true\u0026replicaSet=globaldb\u0026retrywrites=false\u0026maxIdleTimeMS=120000\u0026appName=@azwe2cdbd01@","mongodb://azwe2cdbd01:iksiAjqK5w2dIXUl0dAbbPlbP9wH1yKacZhuNh6aA3DVVAok55b0ddJTiwnsF94HpsO0lVBCgO9gACDbjEWgGQ==@azwe2cdbd01.mongo.cosmos.azure.com:10255/?ssl=true\u0026replicaSet=globaldb\u0026retrywrites=false\u0026maxIdleTimeMS=120000\u0026appName=@azwe2cdbd01@","mongodb://azwe2cdbd01:Gu5t7tsR6KrU1a74DDKlDtToqFJWHLEpljwYf1nMQ35wcwT6h0LkiNsLb203VLiisbWDstc2WFgFACDbuw1MAg==@azwe2cdbd01.mongo.cosmos.azure.com:10255/?ssl=true\u0026replicaSet=globaldb\u0026retrywrites=false\u0026maxIdleTimeMS=120000\u0026appName=@azwe2cdbd01@","mongodb://azwe2cdbd01:LwOdSfMPPeIN8NpzX2F0piW3ZCfOVcKk7QwBjgyUu6ku9EmsYkSvGTNnRFYSuOdYZutASFIajtabACDbgTIzhA==@azwe2cdbd01.mongo.cosmos.azure.com:10255/?ssl=true\u0026replicaSet=globaldb\u0026retrywrites=false\u0026maxIdleTimeMS=120000\u0026appName=@azwe2cdbd01@"],"consistency_policy":[{"consistency_level":"BoundedStaleness","max_interval_in_seconds":300,"max_staleness_prefix":100000}],"cors_rule":[],"create_mode":"","default_identity_type":"FirstPartyIdentity","enable_automatic_failover":true,"enable_free_tier":false,"enable_multiple_write_locations":false,"endpoint":"https://azwe2cdbd01.documents.azure.com:443/","geo_location":[{"failover_priority":0,"id":"azwe2cdbd01-westus","location":"westus","zone_redundant":false},{"failover_priority":1,"id":"azwe2cdbd01-eastus","location":"eastus","zone_redundant":false}],"id":"/subscriptions/90c966dd-2583-40fe-9271-79cd238dbe2c/resourceGroups/rg-latam-modernization-peru-westus-001/providers/Microsoft.DocumentDB/databaseAccounts/azwe2cdbd01","identity":[],"ip_range_filter":"","is_virtual_network_filter_enabled":false,"key_vault_key_id":null,"kind":"MongoDB","local_authentication_disabled":false,"location":"westus","mongo_server_version":"3.6","name":"azwe2cdbd01","network_acl_bypass_for_azure_services":false,"network_acl_bypass_ids":[],"offer_type":"Standard","primary_key":"GX5tX4vdea3BEoofPKAw0PQsg86UItcW4oWwghbCQQaJx1bEXEWcE7QWKGlI1GDCfmlnJShIijWaACDbQJbrew==","primary_readonly_key":"Gu5t7tsR6KrU1a74DDKlDtToqFJWHLEpljwYf1nMQ35wcwT6h0LkiNsLb203VLiisbWDstc2WFgFACDbuw1MAg==","primary_readonly_sql_connection_string":null,"primary_sql_connection_string":null,"public_network_access_enabled":true,"read_endpoints":["https://azwe2cdbd01-westus.documents.azure.com:443/","https://azwe2cdbd01-eastus.documents.azure.com:443/"],"resource_group_name":"rg-latam-modernization-peru-westus-001","restore":[],"secondary_key":"iksiAjqK5w2dIXUl0dAbbPlbP9wH1yKacZhuNh6aA3DVVAok55b0ddJTiwnsF94HpsO0lVBCgO9gACDbjEWgGQ==","secondary_readonly_key":"LwOdSfMPPeIN8NpzX2F0piW3ZCfOVcKk7QwBjgyUu6ku9EmsYkSvGTNnRFYSuOdYZutASFIajtabACDbgTIzhA==","secondary_readonly_sql_connection_string":null,"secondary_sql_connection_string":null,"tags":{"Createdby":"Kyndryl","ENV":"dev01","Impact":"Alto","Name":"dev01-coe-azwe2cdbd01","Project":"coe"},"timeouts":null,"virtual_network_rule":[],"write_endpoints":["https://azwe2cdbd01-westus.documents.azure.com:443/"]},"sensitive_values":{"analytical_storage":[{}],"backup":[{}],"capabilities":[{},{},{},{}],"capacity":[],"connection_strings":[false,false,false,false],"consistency_policy":[{}],"cors_rule":[],"geo_location":[{},{}],"identity":[],"network_acl_bypass_ids":[],"read_endpoints":[false,false],"restore":[],"tags":{},"virtual_network_rule":[],"write_endpoints":[false]}}],"address":"module.azure_cosmosdb"},{"resources":[{"address":"module.azure_key_vault.azurerm_key_vault.coe_azure_key_vault","mode":"managed","type":"azurerm_key_vault","name":"coe_azure_key_vault","provider_name":"registry.terraform.io/hashicorp/azurerm","schema_version":2,"values":{"access_policy":[{"application_id":"","certificate_permissions":[],"key_permissions":["Get"],"object_id":"82d55ef9-fbce-4c78-aeed-28ae23c28b8b","secret_permissions":["Get"],"storage_permissions":["Get"],"tenant_id":"d1c719f7-cc48-4f9f-83ec-f706a2a940fe"}],"contact":[],"enable_rbac_authorization":false,"enabled_for_deployment":false,"enabled_for_disk_encryption":true,"enabled_for_template_deployment":false,"id":"/subscriptions/90c966dd-2583-40fe-9271-79cd238dbe2c/resourceGroups/rg-latam-modernization-peru-westus-001/providers/Microsoft.KeyVault/vaults/keyvault-test-coe-341","location":"westus","name":"keyvault-test-coe-341","network_acls":[{"bypass":"AzureServices","default_action":"Allow","ip_rules":[],"virtual_network_subnet_ids":[]}],"public_network_access_enabled":true,"purge_protection_enabled":false,"resource_group_name":"rg-latam-modernization-peru-westus-001","sku_name":"standard","soft_delete_retention_days":7,"tags":{"Createdby":"Kyndryl","ENV":"dev01","Impact":"Alto","Name":"dev01-coe-azwe2cdbd01","Project":"coe"},"tenant_id":"d1c719f7-cc48-4f9f-83ec-f706a2a940fe","timeouts":null,"vault_uri":"https://keyvault-test-coe-341.vault.azure.net/"},"sensitive_values":{"access_policy":[{"certificate_permissions":[],"key_permissions":[false],"secret_permissions":[false],"storage_permissions":[false]}],"contact":[],"network_acls":[{"ip_rules":[],"virtual_network_subnet_ids":[]}],"tags":{}}}],"address":"module.azure_key_vault"},{"resources":[{"address":"module.azure_kubernetes.azurerm_kubernetes_cluster.coe_azure_kubernetes_cluster","mode":"managed","type":"azurerm_kubernetes_cluster","name":"coe_azure_kubernetes_cluster","provider_name":"registry.terraform.io/hashicorp/azurerm","schema_version":2,"values":{"aci_connector_linux":[],"automatic_channel_upgrade":null,"azure_active_directory_role_based_access_control":[],"azure_policy_enabled":null,"confidential_computing":[],"default_node_pool":[{"capacity_reservation_group_id":null,"custom_ca_trust_enabled":null,"enable_auto_scaling":true,"enable_host_encryption":null,"enable_node_public_ip":null,"fips_enabled":null,"host_group_id":null,"kubelet_config":[],"linux_os_config":[],"max_count":2,"message_of_the_day":null,"min_count":1,"name":"default-pool-name","node_count":1,"node_network_profile":[],"node_public_ip_prefix_id":null,"node_taints":null,"only_critical_addons_enabled":null,"os_disk_type":"Managed","pod_subnet_id":null,"proximity_placement_group_id":null,"scale_down_mode":"Delete","tags":null,"type":"VirtualMachineScaleSets","ultra_ssd_enabled":false,"upgrade_settings":[],"vm_size":"Standard_D2_v2","zones":null}],"disk_encryption_set_id":null,"dns_prefix":"exampleaks1","dns_prefix_private_cluster":null,"edge_zone":null,"enable_pod_security_policy":null,"http_application_routing_enabled":null,"http_proxy_config":[],"identity":[{"identity_ids":null,"type":"SystemAssigned"}],"image_cleaner_enabled":false,"image_cleaner_interval_hours":48,"ingress_application_gateway":[],"key_management_service":[],"key_vault_secrets_provider":[],"linux_profile":[],"local_account_disabled":null,"location":"westus","maintenance_window":[],"microsoft_defender":[],"monitor_metrics":[],"name":"example-aks1","oidc_issuer_enabled":null,"oms_agent":[],"open_service_mesh_enabled":null,"private_cluster_enabled":true,"private_cluster_public_fqdn_enabled":false,"public_network_access_enabled":true,"resource_group_name":"rg-latam-modernization-peru-westus-001","role_based_access_control_enabled":true,"run_command_enabled":true,"service_principal":[],"sku_tier":"Free","storage_profile":[],"tags":{"Createdby":"Kyndryl","ENV":"dev01","Impact":"Alto","Name":"dev01-coe-azwe2aksd01","Project":"coe"},"timeouts":null,"web_app_routing":[],"workload_autoscaler_profile":[],"workload_identity_enabled":false},"sensitive_values":{"aci_connector_linux":[],"api_server_access_profile":[],"api_server_authorized_ip_ranges":[],"auto_scaler_profile":[],"azure_active_directory_role_based_access_control":[],"confidential_computing":[],"default_node_pool":[{"kubelet_config":[],"linux_os_config":[],"node_labels":{},"node_network_profile":[],"upgrade_settings":[]}],"http_proxy_config":[],"identity":[{}],"ingress_application_gateway":[],"key_management_service":[],"key_vault_secrets_provider":[],"kube_admin_config":[],"kube_config":[],"kubelet_identity":[],"linux_profile":[],"maintenance_window":[],"microsoft_defender":[],"monitor_metrics":[],"network_profile":[],"oms_agent":[],"service_principal":[],"storage_profile":[],"tags":{},"web_app_routing":[],"windows_profile":[],"workload_autoscaler_profile":[]}},{"address":"module.azure_kubernetes.azurerm_private_dns_zone.coe_azure_kubernetes_private_dns_zone","mode":"managed","type":"azurerm_private_dns_zone","name":"coe_azure_kubernetes_private_dns_zone","provider_name":"registry.terraform.io/hashicorp/azurerm","schema_version":0,"values":{"name":"privatelink.westus2.azmk8s.io","resource_group_name":"rg-latam-modernization-peru-westus-001","tags":null,"timeouts":null},"sensitive_values":{"soa_record":[]}},{"address":"module.azure_kubernetes.azurerm_role_assignment.coe_azure_kubernetes_role_assignment","mode":"managed","type":"azurerm_role_assignment","name":"coe_azure_kubernetes_role_assignment","provider_name":"registry.terraform.io/hashicorp/azurerm","schema_version":0,"values":{"condition":null,"condition_version":null,"delegated_managed_identity_resource_id":null,"description":null,"role_definition_name":"Private DNS Zone Contributor","timeouts":null},"sensitive_values":{}},{"address":"module.azure_kubernetes.azurerm_user_assigned_identity.coe_azure_kubernetes_user_assigned_identity","mode":"managed","type":"azurerm_user_assigned_identity","name":"coe_azure_kubernetes_user_assigned_identity","provider_name":"registry.terraform.io/hashicorp/azurerm","schema_version":1,"values":{"location":"westus","name":"aks-example-identity","resource_group_name":"rg-latam-modernization-peru-westus-001","tags":null,"timeouts":null},"sensitive_values":{}}],"address":"module.azure_kubernetes"},{"resources":[{"address":"module.azure_networking.azurerm_nat_gateway.coe_azure_nat_gateway","mode":"managed","type":"azurerm_nat_gateway","name":"coe_azure_nat_gateway","provider_name":"registry.terraform.io/hashicorp/azurerm","schema_version":0,"values":{"id":"/subscriptions/90c966dd-2583-40fe-9271-79cd238dbe2c/resourceGroups/rg-latam-modernization-peru-westus-001/providers/Microsoft.Network/natGateways/azwe2natgd01","idle_timeout_in_minutes":10,"location":"westus","name":"azwe2natgd01","resource_group_name":"rg-latam-modernization-peru-westus-001","resource_guid":"604fe89a-aeac-4df4-83c5-e7423fc3a4ca","sku_name":"Standard","tags":{"Createdby":"Kyndryl","ENV":"dev01","Impact":"Alto","Name":"dev01-coe-azwe2vnetd01","Project":"coe"},"timeouts":null,"zones":[]},"sensitive_values":{"tags":{},"zones":[]}},{"address":"module.azure_networking.azurerm_nat_gateway_public_ip_association.coe_azure_nat_gateway_with_public_ip_association","mode":"managed","type":"azurerm_nat_gateway_public_ip_association","name":"coe_azure_nat_gateway_with_public_ip_association","provider_name":"registry.terraform.io/hashicorp/azurerm","schema_version":0,"values":{"id":"/subscriptions/90c966dd-2583-40fe-9271-79cd238dbe2c/resourceGroups/rg-latam-modernization-peru-westus-001/providers/Microsoft.Network/natGateways/azwe2natgd01|/subscriptions/90c966dd-2583-40fe-9271-79cd238dbe2c/resourceGroups/rg-latam-modernization-peru-westus-001/providers/Microsoft.Network/publicIPAddresses/azwe2-nat-gateway-public-ip-d01","nat_gateway_id":"/subscriptions/90c966dd-2583-40fe-9271-79cd238dbe2c/resourceGroups/rg-latam-modernization-peru-westus-001/providers/Microsoft.Network/natGateways/azwe2natgd01","public_ip_address_id":"/subscriptions/90c966dd-2583-40fe-9271-79cd238dbe2c/resourceGroups/rg-latam-modernization-peru-westus-001/providers/Microsoft.Network/publicIPAddresses/azwe2-nat-gateway-public-ip-d01","timeouts":null},"sensitive_values":{}},{"address":"module.azure_networking.azurerm_public_ip.coe_azure_public_ip","mode":"managed","type":"azurerm_public_ip","name":"coe_azure_public_ip","provider_name":"registry.terraform.io/hashicorp/azurerm","schema_version":0,"values":{"allocation_method":"Static","ddos_protection_mode":"VirtualNetworkInherited","ddos_protection_plan_id":null,"domain_name_label":null,"edge_zone":"","fqdn":null,"id":"/subscriptions/90c966dd-2583-40fe-9271-79cd238dbe2c/resourceGroups/rg-latam-modernization-peru-westus-001/providers/Microsoft.Network/publicIPAddresses/azwe2-nat-gateway-public-ip-d01","idle_timeout_in_minutes":4,"ip_address":"20.253.140.104","ip_tags":{},"ip_version":"IPv4","location":"westus","name":"azwe2-nat-gateway-public-ip-d01","public_ip_prefix_id":null,"resource_group_name":"rg-latam-modernization-peru-westus-001","reverse_fqdn":null,"sku":"Standard","sku_tier":"Regional","tags":{"Createdby":"Kyndryl","ENV":"dev01","Impact":"Alto","Name":"dev01-coe-azwe2vnetd01","Project":"coe"},"timeouts":null,"zones":[]},"sensitive_values":{"ip_tags":{},"tags":{},"zones":[]}},{"address":"module.azure_networking.azurerm_public_ip_prefix.coe_azure_public_ip_prefix","mode":"managed","type":"azurerm_public_ip_prefix","name":"coe_azure_public_ip_prefix","provider_name":"registry.terraform.io/hashicorp/azurerm","schema_version":0,"values":{"id":"/subscriptions/90c966dd-2583-40fe-9271-79cd238dbe2c/resourceGroups/rg-latam-modernization-peru-westus-001/providers/Microsoft.Network/publicIPPrefixes/azwe2-nat-gateway-public-prefix-ip-d01","ip_prefix":"20.253.146.240/30","ip_version":"IPv4","location":"westus","name":"azwe2-nat-gateway-public-prefix-ip-d01","prefix_length":30,"resource_group_name":"rg-latam-modernization-peru-westus-001","sku":"Standard","tags":{"Createdby":"Kyndryl","ENV":"dev01","Impact":"Alto","Name":"dev01-coe-azwe2vnetd01","Project":"coe"},"timeouts":null,"zones":[]},"sensitive_values":{"tags":{},"zones":[]}},{"address":"module.azure_networking.azurerm_subnet.coe_azure_private_subnet","mode":"managed","type":"azurerm_subnet","name":"coe_azure_private_subnet","provider_name":"registry.terraform.io/hashicorp/azurerm","schema_version":0,"values":{"address_prefixes":["10.0.1.0/24","10.0.2.0/24"],"delegation":[],"name":"private-subnet","resource_group_name":"rg-latam-modernization-peru-westus-001","service_endpoint_policy_ids":null,"service_endpoints":null,"timeouts":null,"virtual_network_name":"azwe2vnetd01"},"sensitive_values":{"address_prefixes":[false,false],"delegation":[]}},{"address":"module.azure_networking.azurerm_subnet.coe_azure_public_subnet","mode":"managed","type":"azurerm_subnet","name":"coe_azure_public_subnet","provider_name":"registry.terraform.io/hashicorp/azurerm","schema_version":0,"values":{"address_prefixes":["10.0.3.0/24","10.0.4.0/24"],"delegation":[],"name":"public-subnet","resource_group_name":"rg-latam-modernization-peru-westus-001","service_endpoint_policy_ids":null,"service_endpoints":null,"timeouts":null,"virtual_network_name":"azwe2vnetd01"},"sensitive_values":{"address_prefixes":[false,false],"delegation":[]}},{"address":"module.azure_networking.azurerm_subnet_nat_gateway_association.coe_azure_nat_gateway_with_subnet_association","mode":"managed","type":"azurerm_subnet_nat_gateway_association","name":"coe_azure_nat_gateway_with_subnet_association","provider_name":"registry.terraform.io/hashicorp/azurerm","schema_version":0,"values":{"nat_gateway_id":"/subscriptions/90c966dd-2583-40fe-9271-79cd238dbe2c/resourceGroups/rg-latam-modernization-peru-westus-001/providers/Microsoft.Network/natGateways/azwe2natgd01","timeouts":null},"sensitive_values":{}},{"address":"module.azure_networking.azurerm_subnet_network_security_group_association.coe_azure_subnet_network_security_group_association","mode":"managed","type":"azurerm_subnet_network_security_group_association","name":"coe_azure_subnet_network_security_group_association","provider_name":"registry.terraform.io/hashicorp/azurerm","schema_version":0,"values":{"network_security_group_id":"/subscriptions/90c966dd-2583-40fe-9271-79cd238dbe2c/resourceGroups/rg-latam-modernization-peru-westus-001/providers/Microsoft.Network/networkSecurityGroups/security-group-name-coe","timeouts":null},"sensitive_values":{}},{"address":"module.azure_networking.azurerm_virtual_network.coe_azure_vnet","mode":"managed","type":"azurerm_virtual_network","name":"coe_azure_vnet","provider_name":"registry.terraform.io/hashicorp/azurerm","schema_version":0,"values":{"address_space":["10.0.0.0/16"],"bgp_community":"","ddos_protection_plan":[],"dns_servers":["10.0.0.4","10.0.0.5"],"edge_zone":"","flow_timeout_in_minutes":0,"guid":"48370e79-4f44-474d-963e-3b157edcf426","id":"/subscriptions/90c966dd-2583-40fe-9271-79cd238dbe2c/resourceGroups/rg-latam-modernization-peru-westus-001/providers/Microsoft.Network/virtualNetworks/azwe2vnetd01","location":"westus","name":"azwe2vnetd01","resource_group_name":"rg-latam-modernization-peru-westus-001","subnet":[],"tags":{"Createdby":"Kyndryl","ENV":"dev01","Impact":"Alto","Name":"dev01-coe-azwe2vnetd01","Project":"coe"},"timeouts":null},"sensitive_values":{"address_space":[false],"ddos_protection_plan":[],"dns_servers":[false,false],"subnet":[],"tags":{}}}],"address":"module.azure_networking"},{"resources":[{"address":"module.azure_security_group.azurerm_network_security_group.network_security_group","mode":"managed","type":"azurerm_network_security_group","name":"network_security_group","provider_name":"registry.terraform.io/hashicorp/azurerm","schema_version":0,"values":{"id":"/subscriptions/90c966dd-2583-40fe-9271-79cd238dbe2c/resourceGroups/rg-latam-modernization-peru-westus-001/providers/Microsoft.Network/networkSecurityGroups/security-group-name-coe","location":"westus","name":"security-group-name-coe","resource_group_name":"rg-latam-modernization-peru-westus-001","security_rule":[{"access":"Allow","description":"","destination_address_prefix":"*","destination_address_prefixes":[],"destination_application_security_group_ids":[],"destination_port_range":"3389","destination_port_ranges":[],"direction":"Inbound","name":"AllowRDPIn","priority":120,"protocol":"Tcp","source_address_prefix":"*","source_address_prefixes":[],"source_application_security_group_ids":[],"source_port_range":"*","source_port_ranges":[]},{"access":"Allow","description":"","destination_address_prefix":"*","destination_address_prefixes":[],"destination_application_security_group_ids":[],"destination_port_range":"443","destination_port_ranges":[],"direction":"Inbound","name":"AllowSSLIn","priority":110,"protocol":"Tcp","source_address_prefix":"*","source_address_prefixes":[],"source_application_security_group_ids":[],"source_port_range":"*","source_port_ranges":[]},{"access":"Allow","description":"","destination_address_prefix":"*","destination_address_prefixes":[],"destination_application_security_group_ids":[],"destination_port_range":"443","destination_port_ranges":[],"direction":"Outbound","name":"AllowSSLOut","priority":110,"protocol":"Tcp","source_address_prefix":"*","source_address_prefixes":[],"source_application_security_group_ids":[],"source_port_range":"*","source_port_ranges":[]},{"access":"Allow","description":"","destination_address_prefix":"*","destination_address_prefixes":[],"destination_application_security_group_ids":[],"destination_port_range":"80","destination_port_ranges":[],"direction":"Inbound","name":"AllowWebIn","priority":100,"protocol":"Tcp","source_address_prefix":"*","source_address_prefixes":[],"source_application_security_group_ids":[],"source_port_range":"*","source_port_ranges":[]},{"access":"Allow","description":"","destination_address_prefix":"*","destination_address_prefixes":[],"destination_application_security_group_ids":[],"destination_port_range":"80","destination_port_ranges":[],"direction":"Outbound","name":"AllowWebOut","priority":100,"protocol":"Tcp","source_address_prefix":"*","source_address_prefixes":[],"source_application_security_group_ids":[],"source_port_range":"*","source_port_ranges":[]}],"tags":{"Createdby":"Kyndryl","ENV":"dev01","Impact":"Alto","Name":"dev01-coe-azwe2segd01","Project":"coe"},"timeouts":null},"sensitive_values":{"security_rule":[{"destination_address_prefixes":[],"destination_application_security_group_ids":[],"destination_port_ranges":[],"source_address_prefixes":[],"source_application_security_group_ids":[],"source_port_ranges":[]},{"destination_address_prefixes":[],"destination_application_security_group_ids":[],"destination_port_ranges":[],"source_address_prefixes":[],"source_application_security_group_ids":[],"source_port_ranges":[]},{"destination_address_prefixes":[],"destination_application_security_group_ids":[],"destination_port_ranges":[],"source_address_prefixes":[],"source_application_security_group_ids":[],"source_port_ranges":[]},{"destination_address_prefixes":[],"destination_application_security_group_ids":[],"destination_port_ranges":[],"source_address_prefixes":[],"source_application_security_group_ids":[],"source_port_ranges":[]},{"destination_address_prefixes":[],"destination_application_security_group_ids":[],"destination_port_ranges":[],"source_address_prefixes":[],"source_application_security_group_ids":[],"source_port_ranges":[]}],"tags":{}}}],"address":"module.azure_security_group"},{"resources":[{"address":"module.azure_storage_account.azurerm_storage_account.coe_azure_storage_account","mode":"managed","type":"azurerm_storage_account","name":"coe_azure_storage_account","provider_name":"registry.terraform.io/hashicorp/azurerm","schema_version":3,"values":{"access_tier":"Hot","account_kind":"StorageV2","account_replication_type":"GRS","account_tier":"Standard","allow_nested_items_to_be_public":true,"allowed_copy_scope":"","azure_files_authentication":[],"blob_properties":[{"change_feed_enabled":false,"change_feed_retention_in_days":0,"container_delete_retention_policy":[],"cors_rule":[],"default_service_version":"","delete_retention_policy":[{"days":5}],"last_access_time_enabled":false,"restore_policy":[],"versioning_enabled":true}],"cross_tenant_replication_enabled":true,"custom_domain":[],"customer_managed_key":[],"default_to_oauth_authentication":false,"edge_zone":"","enable_https_traffic_only":true,"id":"/subscriptions/90c966dd-2583-40fe-9271-79cd238dbe2c/resourceGroups/rg-latam-modernization-peru-westus-001/providers/Microsoft.Storage/storageAccounts/azeu2stacd01","identity":[],"immutability_policy":[],"infrastructure_encryption_enabled":false,"is_hns_enabled":false,"large_file_share_enabled":null,"location":"westus","min_tls_version":"TLS1_2","name":"azeu2stacd01","network_rules":[{"bypass":["AzureServices"],"default_action":"Allow","ip_rules":["100.0.0.1"],"private_link_access":[],"virtual_network_subnet_ids":[]}],"nfsv3_enabled":false,"primary_access_key":"vyr2JkLT2VcC7tYLIDLhoTBDxIK0yA0WUAK7OpMG1ZMG0bTCFuWIBqqd4o/WzxLbeRHq2TNgIdiR+AStyLtGkA==","primary_blob_connection_string":"DefaultEndpointsProtocol=https;BlobEndpoint=https://azeu2stacd01.blob.core.windows.net/;AccountName=azeu2stacd01;AccountKey=vyr2JkLT2VcC7tYLIDLhoTBDxIK0yA0WUAK7OpMG1ZMG0bTCFuWIBqqd4o/WzxLbeRHq2TNgIdiR+AStyLtGkA==","primary_blob_endpoint":"https://azeu2stacd01.blob.core.windows.net/","primary_blob_host":"azeu2stacd01.blob.core.windows.net","primary_connection_string":"DefaultEndpointsProtocol=https;AccountName=azeu2stacd01;AccountKey=vyr2JkLT2VcC7tYLIDLhoTBDxIK0yA0WUAK7OpMG1ZMG0bTCFuWIBqqd4o/WzxLbeRHq2TNgIdiR+AStyLtGkA==;EndpointSuffix=core.windows.net","primary_dfs_endpoint":"https://azeu2stacd01.dfs.core.windows.net/","primary_dfs_host":"azeu2stacd01.dfs.core.windows.net","primary_file_endpoint":"https://azeu2stacd01.file.core.windows.net/","primary_file_host":"azeu2stacd01.file.core.windows.net","primary_location":"westus","primary_queue_endpoint":"https://azeu2stacd01.queue.core.windows.net/","primary_queue_host":"azeu2stacd01.queue.core.windows.net","primary_table_endpoint":"https://azeu2stacd01.table.core.windows.net/","primary_table_host":"azeu2stacd01.table.core.windows.net","primary_web_endpoint":"https://azeu2stacd01.z22.web.core.windows.net/","primary_web_host":"azeu2stacd01.z22.web.core.windows.net","public_network_access_enabled":true,"queue_encryption_key_type":"Service","queue_properties":[{"cors_rule":[],"hour_metrics":[{"enabled":true,"include_apis":true,"retention_policy_days":7,"version":"1.0"}],"logging":[{"delete":false,"read":false,"retention_policy_days":0,"version":"1.0","write":false}],"minute_metrics":[{"enabled":false,"include_apis":false,"retention_policy_days":0,"version":"1.0"}]}],"resource_group_name":"rg-latam-modernization-peru-westus-001","routing":[],"sas_policy":[],"secondary_access_key":"yr0IRwAIfFHd/0FqICwKk9KymcHtLN25pLqQFr9CnUdwfMDLWZOXMpIi10LBNcd4xHdHGzxBI5Js+AStqMMwUQ==","secondary_blob_connection_string":"","secondary_blob_endpoint":null,"secondary_blob_host":null,"secondary_connection_string":"DefaultEndpointsProtocol=https;AccountName=azeu2stacd01;AccountKey=yr0IRwAIfFHd/0FqICwKk9KymcHtLN25pLqQFr9CnUdwfMDLWZOXMpIi10LBNcd4xHdHGzxBI5Js+AStqMMwUQ==;EndpointSuffix=core.windows.net","secondary_dfs_endpoint":null,"secondary_dfs_host":null,"secondary_file_endpoint":null,"secondary_file_host":null,"secondary_location":"eastus","secondary_queue_endpoint":null,"secondary_queue_host":null,"secondary_table_endpoint":null,"secondary_table_host":null,"secondary_web_endpoint":null,"secondary_web_host":null,"sftp_enabled":false,"share_properties":[{"cors_rule":[],"retention_policy":[{"days":7}],"smb":[]}],"shared_access_key_enabled":true,"static_website":[],"table_encryption_key_type":"Service","tags":{"Createdby":"Kyndryl","ENV":"dev01","Impact":"Alto","Name":"dev01-coe-azwe1stacd01","Project":"coe"},"timeouts":null},"sensitive_values":{"azure_files_authentication":[],"blob_properties":[{"container_delete_retention_policy":[],"cors_rule":[],"delete_retention_policy":[{}],"restore_policy":[]}],"custom_domain":[],"customer_managed_key":[],"identity":[],"immutability_policy":[],"network_rules":[{"bypass":[false],"ip_rules":[false],"private_link_access":[],"virtual_network_subnet_ids":[]}],"queue_properties":[{"cors_rule":[],"hour_metrics":[{}],"logging":[{}],"minute_metrics":[{}]}],"routing":[],"sas_policy":[],"share_properties":[{"cors_rule":[],"retention_policy":[{}],"smb":[]}],"static_website":[],"tags":{}}}],"address":"module.azure_storage_account"}]}},"resource_changes":[{"address":"module.azure_container_registry.azurerm_container_registry.coe_azure_container_registry","module_address":"module.azure_container_registry","mode":"managed","type":"azurerm_container_registry","name":"coe_azure_container_registry","provider_name":"registry.terraform.io/hashicorp/azurerm","change":{"actions":["update"],"before":{"admin_enabled":false,"admin_password":"","admin_username":"","anonymous_pull_enabled":false,"data_endpoint_enabled":false,"encryption":[{"enabled":false,"identity_client_id":"","key_vault_key_id":""}],"export_policy_enabled":true,"georeplications":[{"location":"eastus","regional_endpoint_enabled":false,"tags":{"Createdby":"Kyndryl","ENV":"dev01","Impact":"Alto","Name":"dev01-coe-azwe12acrd01","Project":"coe","accountid":"Peru","practice":"cloud","teamorproject":"LATAM Initiative-Peru-Modernization"},"zone_redundancy_enabled":true}],"id":"/subscriptions/90c966dd-2583-40fe-9271-79cd238dbe2c/resourceGroups/rg-latam-modernization-peru-westus-001/providers/Microsoft.ContainerRegistry/registries/azeu2acrd01","identity":[],"location":"westus","login_server":"azeu2acrd01.azurecr.io","name":"azeu2acrd01","network_rule_bypass_option":"AzureServices","network_rule_set":[{"default_action":"Allow","ip_rule":[],"virtual_network":[]}],"public_network_access_enabled":true,"quarantine_policy_enabled":false,"resource_group_name":"rg-latam-modernization-peru-westus-001","retention_policy":[{"days":7,"enabled":false}],"sku":"Premium","tags":{"accountid":"Peru","practice":"cloud","teamorproject":"LATAM Initiative-Peru-Modernization"},"timeouts":null,"trust_policy":[{"enabled":false}],"zone_redundancy_enabled":false},"after":{"admin_enabled":false,"admin_password":"","admin_username":"","anonymous_pull_enabled":false,"data_endpoint_enabled":false,"encryption":[{"enabled":false,"identity_client_id":"","key_vault_key_id":""}],"export_policy_enabled":true,"georeplications":[{"location":"eastus","regional_endpoint_enabled":false,"tags":{"Createdby":"Kyndryl","ENV":"dev01","Impact":"Alto","Name":"dev01-coe-azwe12acrd01","Project":"coe"},"zone_redundancy_enabled":true}],"id":"/subscriptions/90c966dd-2583-40fe-9271-79cd238dbe2c/resourceGroups/rg-latam-modernization-peru-westus-001/providers/Microsoft.ContainerRegistry/registries/azeu2acrd01","identity":[],"location":"westus","login_server":"azeu2acrd01.azurecr.io","name":"azeu2acrd01","network_rule_bypass_option":"AzureServices","network_rule_set":[{"default_action":"Allow","ip_rule":[],"virtual_network":[]}],"public_network_access_enabled":true,"quarantine_policy_enabled":false,"resource_group_name":"rg-latam-modernization-peru-westus-001","retention_policy":[{"days":7,"enabled":false}],"sku":"Premium","tags":{},"timeouts":null,"trust_policy":[{"enabled":false}],"zone_redundancy_enabled":false},"after_unknown":{},"before_sensitive":{"admin_password":true,"encryption":[{}],"georeplications":[{"tags":{}}],"identity":[],"network_rule_set":[{"ip_rule":[],"virtual_network":[]}],"retention_policy":[{}],"tags":{},"trust_policy":[{}]},"after_sensitive":{"admin_password":true,"encryption":[{}],"georeplications":[{"tags":{}}],"identity":[],"network_rule_set":[{"ip_rule":[],"virtual_network":[]}],"retention_policy":[{}],"tags":{},"trust_policy":[{}]}}},{"address":"module.azure_cosmosdb.azurerm_cosmosdb_account.coe_azure_cosmosdb_account","module_address":"module.azure_cosmosdb","mode":"managed","type":"azurerm_cosmosdb_account","name":"coe_azure_cosmosdb_account","provider_name":"registry.terraform.io/hashicorp/azurerm","change":{"actions":["update"],"before":{"access_key_metadata_writes_enabled":true,"analytical_storage":[{"schema_type":"FullFidelity"}],"analytical_storage_enabled":false,"backup":[{"interval_in_minutes":240,"retention_in_hours":8,"storage_redundancy":"Geo","type":"Periodic"}],"capabilities":[{"name":"EnableAggregationPipeline"},{"name":"EnableMongo"},{"name":"MongoDBv3.4"},{"name":"mongoEnableDocLevelTTL"}],"capacity":[],"connection_strings":["mongodb://azwe2cdbd01:GX5tX4vdea3BEoofPKAw0PQsg86UItcW4oWwghbCQQaJx1bEXEWcE7QWKGlI1GDCfmlnJShIijWaACDbQJbrew==@azwe2cdbd01.mongo.cosmos.azure.com:10255/?ssl=true\u0026replicaSet=globaldb\u0026retrywrites=false\u0026maxIdleTimeMS=120000\u0026appName=@azwe2cdbd01@","mongodb://azwe2cdbd01:iksiAjqK5w2dIXUl0dAbbPlbP9wH1yKacZhuNh6aA3DVVAok55b0ddJTiwnsF94HpsO0lVBCgO9gACDbjEWgGQ==@azwe2cdbd01.mongo.cosmos.azure.com:10255/?ssl=true\u0026replicaSet=globaldb\u0026retrywrites=false\u0026maxIdleTimeMS=120000\u0026appName=@azwe2cdbd01@","mongodb://azwe2cdbd01:Gu5t7tsR6KrU1a74DDKlDtToqFJWHLEpljwYf1nMQ35wcwT6h0LkiNsLb203VLiisbWDstc2WFgFACDbuw1MAg==@azwe2cdbd01.mongo.cosmos.azure.com:10255/?ssl=true\u0026replicaSet=globaldb\u0026retrywrites=false\u0026maxIdleTimeMS=120000\u0026appName=@azwe2cdbd01@","mongodb://azwe2cdbd01:LwOdSfMPPeIN8NpzX2F0piW3ZCfOVcKk7QwBjgyUu6ku9EmsYkSvGTNnRFYSuOdYZutASFIajtabACDbgTIzhA==@azwe2cdbd01.mongo.cosmos.azure.com:10255/?ssl=true\u0026replicaSet=globaldb\u0026retrywrites=false\u0026maxIdleTimeMS=120000\u0026appName=@azwe2cdbd01@"],"consistency_policy":[{"consistency_level":"BoundedStaleness","max_interval_in_seconds":300,"max_staleness_prefix":100000}],"cors_rule":[],"create_mode":"","default_identity_type":"FirstPartyIdentity","enable_automatic_failover":true,"enable_free_tier":false,"enable_multiple_write_locations":false,"endpoint":"https://azwe2cdbd01.documents.azure.com:443/","geo_location":[{"failover_priority":0,"id":"azwe2cdbd01-westus","location":"westus","zone_redundant":false},{"failover_priority":1,"id":"azwe2cdbd01-eastus","location":"eastus","zone_redundant":false}],"id":"/subscriptions/90c966dd-2583-40fe-9271-79cd238dbe2c/resourceGroups/rg-latam-modernization-peru-westus-001/providers/Microsoft.DocumentDB/databaseAccounts/azwe2cdbd01","identity":[],"ip_range_filter":"","is_virtual_network_filter_enabled":false,"key_vault_key_id":null,"kind":"MongoDB","local_authentication_disabled":false,"location":"westus","mongo_server_version":"3.6","name":"azwe2cdbd01","network_acl_bypass_for_azure_services":false,"network_acl_bypass_ids":[],"offer_type":"Standard","primary_key":"GX5tX4vdea3BEoofPKAw0PQsg86UItcW4oWwghbCQQaJx1bEXEWcE7QWKGlI1GDCfmlnJShIijWaACDbQJbrew==","primary_readonly_key":"Gu5t7tsR6KrU1a74DDKlDtToqFJWHLEpljwYf1nMQ35wcwT6h0LkiNsLb203VLiisbWDstc2WFgFACDbuw1MAg==","primary_readonly_sql_connection_string":null,"primary_sql_connection_string":null,"public_network_access_enabled":true,"read_endpoints":["https://azwe2cdbd01-westus.documents.azure.com:443/","https://azwe2cdbd01-eastus.documents.azure.com:443/"],"resource_group_name":"rg-latam-modernization-peru-westus-001","restore":[],"secondary_key":"iksiAjqK5w2dIXUl0dAbbPlbP9wH1yKacZhuNh6aA3DVVAok55b0ddJTiwnsF94HpsO0lVBCgO9gACDbjEWgGQ==","secondary_readonly_key":"LwOdSfMPPeIN8NpzX2F0piW3ZCfOVcKk7QwBjgyUu6ku9EmsYkSvGTNnRFYSuOdYZutASFIajtabACDbgTIzhA==","secondary_readonly_sql_connection_string":null,"secondary_sql_connection_string":null,"tags":{"Createdby":"Kyndryl","ENV":"dev01","Impact":"Alto","Name":"dev01-coe-azwe2cdbd01","Project":"coe","accountid":"Peru","practice":"cloud","teamorproject":"LATAM Initiative-Peru-Modernization"},"timeouts":null,"virtual_network_rule":[],"write_endpoints":["https://azwe2cdbd01-westus.documents.azure.com:443/"]},"after":{"access_key_metadata_writes_enabled":true,"analytical_storage":[{"schema_type":"FullFidelity"}],"analytical_storage_enabled":false,"backup":[{"interval_in_minutes":240,"retention_in_hours":8,"storage_redundancy":"Geo","type":"Periodic"}],"capabilities":[{"name":"EnableAggregationPipeline"},{"name":"EnableMongo"},{"name":"MongoDBv3.4"},{"name":"mongoEnableDocLevelTTL"}],"capacity":[],"connection_strings":["mongodb://azwe2cdbd01:GX5tX4vdea3BEoofPKAw0PQsg86UItcW4oWwghbCQQaJx1bEXEWcE7QWKGlI1GDCfmlnJShIijWaACDbQJbrew==@azwe2cdbd01.mongo.cosmos.azure.com:10255/?ssl=true\u0026replicaSet=globaldb\u0026retrywrites=false\u0026maxIdleTimeMS=120000\u0026appName=@azwe2cdbd01@","mongodb://azwe2cdbd01:iksiAjqK5w2dIXUl0dAbbPlbP9wH1yKacZhuNh6aA3DVVAok55b0ddJTiwnsF94HpsO0lVBCgO9gACDbjEWgGQ==@azwe2cdbd01.mongo.cosmos.azure.com:10255/?ssl=true\u0026replicaSet=globaldb\u0026retrywrites=false\u0026maxIdleTimeMS=120000\u0026appName=@azwe2cdbd01@","mongodb://azwe2cdbd01:Gu5t7tsR6KrU1a74DDKlDtToqFJWHLEpljwYf1nMQ35wcwT6h0LkiNsLb203VLiisbWDstc2WFgFACDbuw1MAg==@azwe2cdbd01.mongo.cosmos.azure.com:10255/?ssl=true\u0026replicaSet=globaldb\u0026retrywrites=false\u0026maxIdleTimeMS=120000\u0026appName=@azwe2cdbd01@","mongodb://azwe2cdbd01:LwOdSfMPPeIN8NpzX2F0piW3ZCfOVcKk7QwBjgyUu6ku9EmsYkSvGTNnRFYSuOdYZutASFIajtabACDbgTIzhA==@azwe2cdbd01.mongo.cosmos.azure.com:10255/?ssl=true\u0026replicaSet=globaldb\u0026retrywrites=false\u0026maxIdleTimeMS=120000\u0026appName=@azwe2cdbd01@"],"consistency_policy":[{"consistency_level":"BoundedStaleness","max_interval_in_seconds":300,"max_staleness_prefix":100000}],"cors_rule":[],"create_mode":"","default_identity_type":"FirstPartyIdentity","enable_automatic_failover":true,"enable_free_tier":false,"enable_multiple_write_locations":false,"endpoint":"https://azwe2cdbd01.documents.azure.com:443/","geo_location":[{"failover_priority":0,"id":"azwe2cdbd01-westus","location":"westus","zone_redundant":false},{"failover_priority":1,"id":"azwe2cdbd01-eastus","location":"eastus","zone_redundant":false}],"id":"/subscriptions/90c966dd-2583-40fe-9271-79cd238dbe2c/resourceGroups/rg-latam-modernization-peru-westus-001/providers/Microsoft.DocumentDB/databaseAccounts/azwe2cdbd01","identity":[],"ip_range_filter":"","is_virtual_network_filter_enabled":false,"key_vault_key_id":null,"kind":"MongoDB","local_authentication_disabled":false,"location":"westus","mongo_server_version":"3.6","name":"azwe2cdbd01","network_acl_bypass_for_azure_services":false,"network_acl_bypass_ids":[],"offer_type":"Standard","primary_key":"GX5tX4vdea3BEoofPKAw0PQsg86UItcW4oWwghbCQQaJx1bEXEWcE7QWKGlI1GDCfmlnJShIijWaACDbQJbrew==","primary_readonly_key":"Gu5t7tsR6KrU1a74DDKlDtToqFJWHLEpljwYf1nMQ35wcwT6h0LkiNsLb203VLiisbWDstc2WFgFACDbuw1MAg==","primary_readonly_sql_connection_string":null,"primary_sql_connection_string":null,"public_network_access_enabled":true,"read_endpoints":["https://azwe2cdbd01-westus.documents.azure.com:443/","https://azwe2cdbd01-eastus.documents.azure.com:443/"],"resource_group_name":"rg-latam-modernization-peru-westus-001","restore":[],"secondary_key":"iksiAjqK5w2dIXUl0dAbbPlbP9wH1yKacZhuNh6aA3DVVAok55b0ddJTiwnsF94HpsO0lVBCgO9gACDbjEWgGQ==","secondary_readonly_key":"LwOdSfMPPeIN8NpzX2F0piW3ZCfOVcKk7QwBjgyUu6ku9EmsYkSvGTNnRFYSuOdYZutASFIajtabACDbgTIzhA==","secondary_readonly_sql_connection_string":null,"secondary_sql_connection_string":null,"tags":{"Createdby":"Kyndryl","ENV":"dev01","Impact":"Alto","Name":"dev01-coe-azwe2cdbd01","Project":"coe"},"timeouts":null,"virtual_network_rule":[],"write_endpoints":["https://azwe2cdbd01-westus.documents.azure.com:443/"]},"after_unknown":{},"before_sensitive":{"analytical_storage":[{}],"backup":[{}],"capabilities":[{},{},{},{}],"capacity":[],"connection_strings":true,"consistency_policy":[{}],"cors_rule":[],"geo_location":[{},{}],"identity":[],"network_acl_bypass_ids":[],"primary_key":true,"primary_readonly_key":true,"primary_readonly_sql_connection_string":true,"primary_sql_connection_string":true,"read_endpoints":[false,false],"restore":[],"secondary_key":true,"secondary_readonly_key":true,"secondary_readonly_sql_connection_string":true,"secondary_sql_connection_string":true,"tags":{},"virtual_network_rule":[],"write_endpoints":[false]},"after_sensitive":{"analytical_storage":[{}],"backup":[{}],"capabilities":[{},{},{},{}],"capacity":[],"connection_strings":true,"consistency_policy":[{}],"cors_rule":[],"geo_location":[{},{}],"identity":[],"network_acl_bypass_ids":[],"primary_key":true,"primary_readonly_key":true,"primary_readonly_sql_connection_string":true,"primary_sql_connection_string":true,"read_endpoints":[false,false],"restore":[],"secondary_key":true,"secondary_readonly_key":true,"secondary_readonly_sql_connection_string":true,"secondary_sql_connection_string":true,"tags":{},"virtual_network_rule":[],"write_endpoints":[false]}}},{"address":"module.azure_key_vault.azurerm_key_vault.coe_azure_key_vault","module_address":"module.azure_key_vault","mode":"managed","type":"azurerm_key_vault","name":"coe_azure_key_vault","provider_name":"registry.terraform.io/hashicorp/azurerm","change":{"actions":["update"],"before":{"access_policy":[{"application_id":"","certificate_permissions":[],"key_permissions":["Get"],"object_id":"82d55ef9-fbce-4c78-aeed-28ae23c28b8b","secret_permissions":["Get"],"storage_permissions":["Get"],"tenant_id":"d1c719f7-cc48-4f9f-83ec-f706a2a940fe"}],"contact":[],"enable_rbac_authorization":false,"enabled_for_deployment":false,"enabled_for_disk_encryption":true,"enabled_for_template_deployment":false,"id":"/subscriptions/90c966dd-2583-40fe-9271-79cd238dbe2c/resourceGroups/rg-latam-modernization-peru-westus-001/providers/Microsoft.KeyVault/vaults/keyvault-test-coe-341","location":"westus","name":"keyvault-test-coe-341","network_acls":[{"bypass":"AzureServices","default_action":"Allow","ip_rules":[],"virtual_network_subnet_ids":[]}],"public_network_access_enabled":true,"purge_protection_enabled":false,"resource_group_name":"rg-latam-modernization-peru-westus-001","sku_name":"standard","soft_delete_retention_days":7,"tags":{"Createdby":"Kyndryl","ENV":"dev01","Impact":"Alto","Name":"dev01-coe-azwe2cdbd01","Project":"coe","accountid":"Peru","practice":"cloud","teamorproject":"LATAM Initiative-Peru-Modernization"},"tenant_id":"d1c719f7-cc48-4f9f-83ec-f706a2a940fe","timeouts":null,"vault_uri":"https://keyvault-test-coe-341.vault.azure.net/"},"after":{"access_policy":[{"application_id":"","certificate_permissions":[],"key_permissions":["Get"],"object_id":"82d55ef9-fbce-4c78-aeed-28ae23c28b8b","secret_permissions":["Get"],"storage_permissions":["Get"],"tenant_id":"d1c719f7-cc48-4f9f-83ec-f706a2a940fe"}],"contact":[],"enable_rbac_authorization":false,"enabled_for_deployment":false,"enabled_for_disk_encryption":true,"enabled_for_template_deployment":false,"id":"/subscriptions/90c966dd-2583-40fe-9271-79cd238dbe2c/resourceGroups/rg-latam-modernization-peru-westus-001/providers/Microsoft.KeyVault/vaults/keyvault-test-coe-341","location":"westus","name":"keyvault-test-coe-341","network_acls":[{"bypass":"AzureServices","default_action":"Allow","ip_rules":[],"virtual_network_subnet_ids":[]}],"public_network_access_enabled":true,"purge_protection_enabled":false,"resource_group_name":"rg-latam-modernization-peru-westus-001","sku_name":"standard","soft_delete_retention_days":7,"tags":{"Createdby":"Kyndryl","ENV":"dev01","Impact":"Alto","Name":"dev01-coe-azwe2cdbd01","Project":"coe"},"tenant_id":"d1c719f7-cc48-4f9f-83ec-f706a2a940fe","timeouts":null,"vault_uri":"https://keyvault-test-coe-341.vault.azure.net/"},"after_unknown":{},"before_sensitive":{"access_policy":[{"certificate_permissions":[],"key_permissions":[false],"secret_permissions":[false],"storage_permissions":[false]}],"contact":[],"network_acls":[{"ip_rules":[],"virtual_network_subnet_ids":[]}],"tags":{}},"after_sensitive":{"access_policy":[{"certificate_permissions":[],"key_permissions":[false],"secret_permissions":[false],"storage_permissions":[false]}],"contact":[],"network_acls":[{"ip_rules":[],"virtual_network_subnet_ids":[]}],"tags":{}}}},{"address":"module.azure_kubernetes.azurerm_kubernetes_cluster.coe_azure_kubernetes_cluster","module_address":"module.azure_kubernetes","mode":"managed","type":"azurerm_kubernetes_cluster","name":"coe_azure_kubernetes_cluster","provider_name":"registry.terraform.io/hashicorp/azurerm","change":{"actions":["create"],"before":null,"after":{"aci_connector_linux":[],"automatic_channel_upgrade":null,"azure_active_directory_role_based_access_control":[],"azure_policy_enabled":null,"confidential_computing":[],"default_node_pool":[{"capacity_reservation_group_id":null,"custom_ca_trust_enabled":null,"enable_auto_scaling":true,"enable_host_encryption":null,"enable_node_public_ip":null,"fips_enabled":null,"host_group_id":null,"kubelet_config":[],"linux_os_config":[],"max_count":2,"message_of_the_day":null,"min_count":1,"name":"default-pool-name","node_count":1,"node_network_profile":[],"node_public_ip_prefix_id":null,"node_taints":null,"only_critical_addons_enabled":null,"os_disk_type":"Managed","pod_subnet_id":null,"proximity_placement_group_id":null,"scale_down_mode":"Delete","tags":null,"type":"VirtualMachineScaleSets","ultra_ssd_enabled":false,"upgrade_settings":[],"vm_size":"Standard_D2_v2","zones":null}],"disk_encryption_set_id":null,"dns_prefix":"exampleaks1","dns_prefix_private_cluster":null,"edge_zone":null,"enable_pod_security_policy":null,"http_application_routing_enabled":null,"http_proxy_config":[],"identity":[{"identity_ids":null,"type":"SystemAssigned"}],"image_cleaner_enabled":false,"image_cleaner_interval_hours":48,"ingress_application_gateway":[],"key_management_service":[],"key_vault_secrets_provider":[],"linux_profile":[],"local_account_disabled":null,"location":"westus","maintenance_window":[],"microsoft_defender":[],"monitor_metrics":[],"name":"example-aks1","oidc_issuer_enabled":null,"oms_agent":[],"open_service_mesh_enabled":null,"private_cluster_enabled":true,"private_cluster_public_fqdn_enabled":false,"public_network_access_enabled":true,"resource_group_name":"rg-latam-modernization-peru-westus-001","role_based_access_control_enabled":true,"run_command_enabled":true,"service_principal":[],"sku_tier":"Free","storage_profile":[],"tags":{"Createdby":"Kyndryl","ENV":"dev01","Impact":"Alto","Name":"dev01-coe-azwe2aksd01","Project":"coe"},"timeouts":null,"web_app_routing":[],"workload_autoscaler_profile":[],"workload_identity_enabled":false},"after_unknown":{"aci_connector_linux":[],"api_server_access_profile":true,"api_server_authorized_ip_ranges":true,"auto_scaler_profile":true,"azure_active_directory_role_based_access_control":[],"confidential_computing":[],"default_node_pool":[{"kubelet_config":[],"kubelet_disk_type":true,"linux_os_config":[],"max_pods":true,"node_labels":true,"node_network_profile":[],"orchestrator_version":true,"os_disk_size_gb":true,"os_sku":true,"upgrade_settings":[],"vnet_subnet_id":true,"workload_runtime":true}],"fqdn":true,"http_application_routing_zone_name":true,"http_proxy_config":[],"id":true,"identity":[{"principal_id":true,"tenant_id":true}],"ingress_application_gateway":[],"key_management_service":[],"key_vault_secrets_provider":[],"kube_admin_config":true,"kube_admin_config_raw":true,"kube_config":true,"kube_config_raw":true,"kubelet_identity":true,"kubernetes_version":true,"linux_profile":[],"maintenance_window":[],"microsoft_defender":[],"monitor_metrics":[],"network_profile":true,"node_resource_group":true,"oidc_issuer_url":true,"oms_agent":[],"portal_fqdn":true,"private_dns_zone_id":true,"private_fqdn":true,"service_principal":[],"storage_profile":[],"tags":{},"web_app_routing":[],"windows_profile":true,"workload_autoscaler_profile":[]},"before_sensitive":false,"after_sensitive":{"aci_connector_linux":[],"api_server_access_profile":[],"api_server_authorized_ip_ranges":[],"auto_scaler_profile":[],"azure_active_directory_role_based_access_control":[],"confidential_computing":[],"default_node_pool":[{"kubelet_config":[],"linux_os_config":[],"node_labels":{},"node_network_profile":[],"upgrade_settings":[]}],"http_proxy_config":[],"identity":[{}],"ingress_application_gateway":[],"key_management_service":[],"key_vault_secrets_provider":[],"kube_admin_config":true,"kube_admin_config_raw":true,"kube_config":true,"kube_config_raw":true,"kubelet_identity":[],"linux_profile":[],"maintenance_window":[],"microsoft_defender":[],"monitor_metrics":[],"network_profile":[],"oms_agent":[],"service_principal":[],"storage_profile":[],"tags":{},"web_app_routing":[],"windows_profile":[],"workload_autoscaler_profile":[]}}},{"address":"module.azure_kubernetes.azurerm_private_dns_zone.coe_azure_kubernetes_private_dns_zone","module_address":"module.azure_kubernetes","mode":"managed","type":"azurerm_private_dns_zone","name":"coe_azure_kubernetes_private_dns_zone","provider_name":"registry.terraform.io/hashicorp/azurerm","change":{"actions":["create"],"before":null,"after":{"name":"privatelink.westus2.azmk8s.io","resource_group_name":"rg-latam-modernization-peru-westus-001","tags":null,"timeouts":null},"after_unknown":{"id":true,"max_number_of_record_sets":true,"max_number_of_virtual_network_links":true,"max_number_of_virtual_network_links_with_registration":true,"number_of_record_sets":true,"soa_record":true},"before_sensitive":false,"after_sensitive":{"soa_record":[]}}},{"address":"module.azure_kubernetes.azurerm_role_assignment.coe_azure_kubernetes_role_assignment","module_address":"module.azure_kubernetes","mode":"managed","type":"azurerm_role_assignment","name":"coe_azure_kubernetes_role_assignment","provider_name":"registry.terraform.io/hashicorp/azurerm","change":{"actions":["create"],"before":null,"after":{"condition":null,"condition_version":null,"delegated_managed_identity_resource_id":null,"description":null,"role_definition_name":"Private DNS Zone Contributor","timeouts":null},"after_unknown":{"id":true,"name":true,"principal_id":true,"principal_type":true,"role_definition_id":true,"scope":true,"skip_service_principal_aad_check":true},"before_sensitive":false,"after_sensitive":{}}},{"address":"module.azure_kubernetes.azurerm_user_assigned_identity.coe_azure_kubernetes_user_assigned_identity","module_address":"module.azure_kubernetes","mode":"managed","type":"azurerm_user_assigned_identity","name":"coe_azure_kubernetes_user_assigned_identity","provider_name":"registry.terraform.io/hashicorp/azurerm","change":{"actions":["create"],"before":null,"after":{"location":"westus","name":"aks-example-identity","resource_group_name":"rg-latam-modernization-peru-westus-001","tags":null,"timeouts":null},"after_unknown":{"client_id":true,"id":true,"principal_id":true,"tenant_id":true},"before_sensitive":false,"after_sensitive":{}}},{"address":"module.azure_networking.azurerm_nat_gateway.coe_azure_nat_gateway","module_address":"module.azure_networking","mode":"managed","type":"azurerm_nat_gateway","name":"coe_azure_nat_gateway","provider_name":"registry.terraform.io/hashicorp/azurerm","change":{"actions":["update"],"before":{"id":"/subscriptions/90c966dd-2583-40fe-9271-79cd238dbe2c/resourceGroups/rg-latam-modernization-peru-westus-001/providers/Microsoft.Network/natGateways/azwe2natgd01","idle_timeout_in_minutes":10,"location":"westus","name":"azwe2natgd01","resource_group_name":"rg-latam-modernization-peru-westus-001","resource_guid":"604fe89a-aeac-4df4-83c5-e7423fc3a4ca","sku_name":"Standard","tags":{"Createdby":"Kyndryl","ENV":"dev01","Impact":"Alto","Name":"dev01-coe-azwe2vnetd01","Project":"coe","accountid":"Peru","practice":"cloud","teamorproject":"LATAM Initiative-Peru-Modernization"},"timeouts":null,"zones":[]},"after":{"id":"/subscriptions/90c966dd-2583-40fe-9271-79cd238dbe2c/resourceGroups/rg-latam-modernization-peru-westus-001/providers/Microsoft.Network/natGateways/azwe2natgd01","idle_timeout_in_minutes":10,"location":"westus","name":"azwe2natgd01","resource_group_name":"rg-latam-modernization-peru-westus-001","resource_guid":"604fe89a-aeac-4df4-83c5-e7423fc3a4ca","sku_name":"Standard","tags":{"Createdby":"Kyndryl","ENV":"dev01","Impact":"Alto","Name":"dev01-coe-azwe2vnetd01","Project":"coe"},"timeouts":null,"zones":[]},"after_unknown":{},"before_sensitive":{"tags":{},"zones":[]},"after_sensitive":{"tags":{},"zones":[]}}},{"address":"module.azure_networking.azurerm_nat_gateway_public_ip_association.coe_azure_nat_gateway_with_public_ip_association","module_address":"module.azure_networking","mode":"managed","type":"azurerm_nat_gateway_public_ip_association","name":"coe_azure_nat_gateway_with_public_ip_association","provider_name":"registry.terraform.io/hashicorp/azurerm","change":{"actions":["no-op"],"before":{"id":"/subscriptions/90c966dd-2583-40fe-9271-79cd238dbe2c/resourceGroups/rg-latam-modernization-peru-westus-001/providers/Microsoft.Network/natGateways/azwe2natgd01|/subscriptions/90c966dd-2583-40fe-9271-79cd238dbe2c/resourceGroups/rg-latam-modernization-peru-westus-001/providers/Microsoft.Network/publicIPAddresses/azwe2-nat-gateway-public-ip-d01","nat_gateway_id":"/subscriptions/90c966dd-2583-40fe-9271-79cd238dbe2c/resourceGroups/rg-latam-modernization-peru-westus-001/providers/Microsoft.Network/natGateways/azwe2natgd01","public_ip_address_id":"/subscriptions/90c966dd-2583-40fe-9271-79cd238dbe2c/resourceGroups/rg-latam-modernization-peru-westus-001/providers/Microsoft.Network/publicIPAddresses/azwe2-nat-gateway-public-ip-d01","timeouts":null},"after":{"id":"/subscriptions/90c966dd-2583-40fe-9271-79cd238dbe2c/resourceGroups/rg-latam-modernization-peru-westus-001/providers/Microsoft.Network/natGateways/azwe2natgd01|/subscriptions/90c966dd-2583-40fe-9271-79cd238dbe2c/resourceGroups/rg-latam-modernization-peru-westus-001/providers/Microsoft.Network/publicIPAddresses/azwe2-nat-gateway-public-ip-d01","nat_gateway_id":"/subscriptions/90c966dd-2583-40fe-9271-79cd238dbe2c/resourceGroups/rg-latam-modernization-peru-westus-001/providers/Microsoft.Network/natGateways/azwe2natgd01","public_ip_address_id":"/subscriptions/90c966dd-2583-40fe-9271-79cd238dbe2c/resourceGroups/rg-latam-modernization-peru-westus-001/providers/Microsoft.Network/publicIPAddresses/azwe2-nat-gateway-public-ip-d01","timeouts":null},"after_unknown":{},"before_sensitive":{},"after_sensitive":{}}},{"address":"module.azure_networking.azurerm_public_ip.coe_azure_public_ip","module_address":"module.azure_networking","mode":"managed","type":"azurerm_public_ip","name":"coe_azure_public_ip","provider_name":"registry.terraform.io/hashicorp/azurerm","change":{"actions":["update"],"before":{"allocation_method":"Static","ddos_protection_mode":"VirtualNetworkInherited","ddos_protection_plan_id":null,"domain_name_label":null,"edge_zone":"","fqdn":null,"id":"/subscriptions/90c966dd-2583-40fe-9271-79cd238dbe2c/resourceGroups/rg-latam-modernization-peru-westus-001/providers/Microsoft.Network/publicIPAddresses/azwe2-nat-gateway-public-ip-d01","idle_timeout_in_minutes":4,"ip_address":"20.253.140.104","ip_tags":{},"ip_version":"IPv4","location":"westus","name":"azwe2-nat-gateway-public-ip-d01","public_ip_prefix_id":null,"resource_group_name":"rg-latam-modernization-peru-westus-001","reverse_fqdn":null,"sku":"Standard","sku_tier":"Regional","tags":{"Createdby":"Kyndryl","ENV":"dev01","Impact":"Alto","Name":"dev01-coe-azwe2vnetd01","Project":"coe","accountid":"Peru","practice":"cloud","teamorproject":"LATAM Initiative-Peru-Modernization"},"timeouts":null,"zones":[]},"after":{"allocation_method":"Static","ddos_protection_mode":"VirtualNetworkInherited","ddos_protection_plan_id":null,"domain_name_label":null,"edge_zone":"","fqdn":null,"id":"/subscriptions/90c966dd-2583-40fe-9271-79cd238dbe2c/resourceGroups/rg-latam-modernization-peru-westus-001/providers/Microsoft.Network/publicIPAddresses/azwe2-nat-gateway-public-ip-d01","idle_timeout_in_minutes":4,"ip_address":"20.253.140.104","ip_tags":{},"ip_version":"IPv4","location":"westus","name":"azwe2-nat-gateway-public-ip-d01","public_ip_prefix_id":null,"resource_group_name":"rg-latam-modernization-peru-westus-001","reverse_fqdn":null,"sku":"Standard","sku_tier":"Regional","tags":{"Createdby":"Kyndryl","ENV":"dev01","Impact":"Alto","Name":"dev01-coe-azwe2vnetd01","Project":"coe"},"timeouts":null,"zones":[]},"after_unknown":{},"before_sensitive":{"ip_tags":{},"tags":{},"zones":[]},"after_sensitive":{"ip_tags":{},"tags":{},"zones":[]}}},{"address":"module.azure_networking.azurerm_public_ip_prefix.coe_azure_public_ip_prefix","module_address":"module.azure_networking","mode":"managed","type":"azurerm_public_ip_prefix","name":"coe_azure_public_ip_prefix","provider_name":"registry.terraform.io/hashicorp/azurerm","change":{"actions":["update"],"before":{"id":"/subscriptions/90c966dd-2583-40fe-9271-79cd238dbe2c/resourceGroups/rg-latam-modernization-peru-westus-001/providers/Microsoft.Network/publicIPPrefixes/azwe2-nat-gateway-public-prefix-ip-d01","ip_prefix":"20.253.146.240/30","ip_version":"IPv4","location":"westus","name":"azwe2-nat-gateway-public-prefix-ip-d01","prefix_length":30,"resource_group_name":"rg-latam-modernization-peru-westus-001","sku":"Standard","tags":{"Createdby":"Kyndryl","ENV":"dev01","Impact":"Alto","Name":"dev01-coe-azwe2vnetd01","Project":"coe","accountid":"Peru","practice":"cloud","teamorproject":"LATAM Initiative-Peru-Modernization"},"timeouts":null,"zones":[]},"after":{"id":"/subscriptions/90c966dd-2583-40fe-9271-79cd238dbe2c/resourceGroups/rg-latam-modernization-peru-westus-001/providers/Microsoft.Network/publicIPPrefixes/azwe2-nat-gateway-public-prefix-ip-d01","ip_prefix":"20.253.146.240/30","ip_version":"IPv4","location":"westus","name":"azwe2-nat-gateway-public-prefix-ip-d01","prefix_length":30,"resource_group_name":"rg-latam-modernization-peru-westus-001","sku":"Standard","tags":{"Createdby":"Kyndryl","ENV":"dev01","Impact":"Alto","Name":"dev01-coe-azwe2vnetd01","Project":"coe"},"timeouts":null,"zones":[]},"after_unknown":{},"before_sensitive":{"tags":{},"zones":[]},"after_sensitive":{"tags":{},"zones":[]}}},{"address":"module.azure_networking.azurerm_subnet.coe_azure_private_subnet","module_address":"module.azure_networking","mode":"managed","type":"azurerm_subnet","name":"coe_azure_private_subnet","provider_name":"registry.terraform.io/hashicorp/azurerm","change":{"actions":["create"],"before":null,"after":{"address_prefixes":["10.0.1.0/24","10.0.2.0/24"],"delegation":[],"name":"private-subnet","resource_group_name":"rg-latam-modernization-peru-westus-001","service_endpoint_policy_ids":null,"service_endpoints":null,"timeouts":null,"virtual_network_name":"azwe2vnetd01"},"after_unknown":{"address_prefixes":[false,false],"delegation":[],"enforce_private_link_endpoint_network_policies":true,"enforce_private_link_service_network_policies":true,"id":true,"private_endpoint_network_policies_enabled":true,"private_link_service_network_policies_enabled":true},"before_sensitive":false,"after_sensitive":{"address_prefixes":[false,false],"delegation":[]}}},{"address":"module.azure_networking.azurerm_subnet.coe_azure_public_subnet","module_address":"module.azure_networking","mode":"managed","type":"azurerm_subnet","name":"coe_azure_public_subnet","provider_name":"registry.terraform.io/hashicorp/azurerm","change":{"actions":["create"],"before":null,"after":{"address_prefixes":["10.0.3.0/24","10.0.4.0/24"],"delegation":[],"name":"public-subnet","resource_group_name":"rg-latam-modernization-peru-westus-001","service_endpoint_policy_ids":null,"service_endpoints":null,"timeouts":null,"virtual_network_name":"azwe2vnetd01"},"after_unknown":{"address_prefixes":[false,false],"delegation":[],"enforce_private_link_endpoint_network_policies":true,"enforce_private_link_service_network_policies":true,"id":true,"private_endpoint_network_policies_enabled":true,"private_link_service_network_policies_enabled":true},"before_sensitive":false,"after_sensitive":{"address_prefixes":[false,false],"delegation":[]}}},{"address":"module.azure_networking.azurerm_subnet_nat_gateway_association.coe_azure_nat_gateway_with_subnet_association","module_address":"module.azure_networking","mode":"managed","type":"azurerm_subnet_nat_gateway_association","name":"coe_azure_nat_gateway_with_subnet_association","provider_name":"registry.terraform.io/hashicorp/azurerm","change":{"actions":["create"],"before":null,"after":{"nat_gateway_id":"/subscriptions/90c966dd-2583-40fe-9271-79cd238dbe2c/resourceGroups/rg-latam-modernization-peru-westus-001/providers/Microsoft.Network/natGateways/azwe2natgd01","timeouts":null},"after_unknown":{"id":true,"subnet_id":true},"before_sensitive":false,"after_sensitive":{}}},{"address":"module.azure_networking.azurerm_subnet_network_security_group_association.coe_azure_subnet_network_security_group_association","module_address":"module.azure_networking","mode":"managed","type":"azurerm_subnet_network_security_group_association","name":"coe_azure_subnet_network_security_group_association","provider_name":"registry.terraform.io/hashicorp/azurerm","change":{"actions":["create"],"before":null,"after":{"network_security_group_id":"/subscriptions/90c966dd-2583-40fe-9271-79cd238dbe2c/resourceGroups/rg-latam-modernization-peru-westus-001/providers/Microsoft.Network/networkSecurityGroups/security-group-name-coe","timeouts":null},"after_unknown":{"id":true,"subnet_id":true},"before_sensitive":false,"after_sensitive":{}}},{"address":"module.azure_networking.azurerm_virtual_network.coe_azure_vnet","module_address":"module.azure_networking","mode":"managed","type":"azurerm_virtual_network","name":"coe_azure_vnet","provider_name":"registry.terraform.io/hashicorp/azurerm","change":{"actions":["update"],"before":{"address_space":["10.0.0.0/16"],"bgp_community":"","ddos_protection_plan":[],"dns_servers":["10.0.0.4","10.0.0.5"],"edge_zone":"","flow_timeout_in_minutes":0,"guid":"48370e79-4f44-474d-963e-3b157edcf426","id":"/subscriptions/90c966dd-2583-40fe-9271-79cd238dbe2c/resourceGroups/rg-latam-modernization-peru-westus-001/providers/Microsoft.Network/virtualNetworks/azwe2vnetd01","location":"westus","name":"azwe2vnetd01","resource_group_name":"rg-latam-modernization-peru-westus-001","subnet":[],"tags":{"Createdby":"Kyndryl","ENV":"dev01","Impact":"Alto","Name":"dev01-coe-azwe2vnetd01","Project":"coe","accountid":"Peru","practice":"cloud","teamorproject":"LATAM Initiative-Peru-Modernization"},"timeouts":null},"after":{"address_space":["10.0.0.0/16"],"bgp_community":"","ddos_protection_plan":[],"dns_servers":["10.0.0.4","10.0.0.5"],"edge_zone":"","flow_timeout_in_minutes":0,"guid":"48370e79-4f44-474d-963e-3b157edcf426","id":"/subscriptions/90c966dd-2583-40fe-9271-79cd238dbe2c/resourceGroups/rg-latam-modernization-peru-westus-001/providers/Microsoft.Network/virtualNetworks/azwe2vnetd01","location":"westus","name":"azwe2vnetd01","resource_group_name":"rg-latam-modernization-peru-westus-001","subnet":[],"tags":{"Createdby":"Kyndryl","ENV":"dev01","Impact":"Alto","Name":"dev01-coe-azwe2vnetd01","Project":"coe"},"timeouts":null},"after_unknown":{},"before_sensitive":{"address_space":[false],"ddos_protection_plan":[],"dns_servers":[false,false],"subnet":[],"tags":{}},"after_sensitive":{"address_space":[false],"ddos_protection_plan":[],"dns_servers":[false,false],"subnet":[],"tags":{}}}},{"address":"module.azure_security_group.azurerm_network_security_group.network_security_group","module_address":"module.azure_security_group","mode":"managed","type":"azurerm_network_security_group","name":"network_security_group","provider_name":"registry.terraform.io/hashicorp/azurerm","change":{"actions":["update"],"before":{"id":"/subscriptions/90c966dd-2583-40fe-9271-79cd238dbe2c/resourceGroups/rg-latam-modernization-peru-westus-001/providers/Microsoft.Network/networkSecurityGroups/security-group-name-coe","location":"westus","name":"security-group-name-coe","resource_group_name":"rg-latam-modernization-peru-westus-001","security_rule":[{"access":"Allow","description":"","destination_address_prefix":"*","destination_address_prefixes":[],"destination_application_security_group_ids":[],"destination_port_range":"3389","destination_port_ranges":[],"direction":"Inbound","name":"AllowRDPIn","priority":120,"protocol":"Tcp","source_address_prefix":"*","source_address_prefixes":[],"source_application_security_group_ids":[],"source_port_range":"*","source_port_ranges":[]},{"access":"Allow","description":"","destination_address_prefix":"*","destination_address_prefixes":[],"destination_application_security_group_ids":[],"destination_port_range":"443","destination_port_ranges":[],"direction":"Inbound","name":"AllowSSLIn","priority":110,"protocol":"Tcp","source_address_prefix":"*","source_address_prefixes":[],"source_application_security_group_ids":[],"source_port_range":"*","source_port_ranges":[]},{"access":"Allow","description":"","destination_address_prefix":"*","destination_address_prefixes":[],"destination_application_security_group_ids":[],"destination_port_range":"443","destination_port_ranges":[],"direction":"Outbound","name":"AllowSSLOut","priority":110,"protocol":"Tcp","source_address_prefix":"*","source_address_prefixes":[],"source_application_security_group_ids":[],"source_port_range":"*","source_port_ranges":[]},{"access":"Allow","description":"","destination_address_prefix":"*","destination_address_prefixes":[],"destination_application_security_group_ids":[],"destination_port_range":"80","destination_port_ranges":[],"direction":"Inbound","name":"AllowWebIn","priority":100,"protocol":"Tcp","source_address_prefix":"*","source_address_prefixes":[],"source_application_security_group_ids":[],"source_port_range":"*","source_port_ranges":[]},{"access":"Allow","description":"","destination_address_prefix":"*","destination_address_prefixes":[],"destination_application_security_group_ids":[],"destination_port_range":"80","destination_port_ranges":[],"direction":"Outbound","name":"AllowWebOut","priority":100,"protocol":"Tcp","source_address_prefix":"*","source_address_prefixes":[],"source_application_security_group_ids":[],"source_port_range":"*","source_port_ranges":[]}],"tags":{"Createdby":"Kyndryl","ENV":"dev01","Impact":"Alto","Name":"dev01-coe-azwe2segd01","Project":"coe","accountid":"Peru","practice":"cloud","teamorproject":"LATAM Initiative-Peru-Modernization"},"timeouts":null},"after":{"id":"/subscriptions/90c966dd-2583-40fe-9271-79cd238dbe2c/resourceGroups/rg-latam-modernization-peru-westus-001/providers/Microsoft.Network/networkSecurityGroups/security-group-name-coe","location":"westus","name":"security-group-name-coe","resource_group_name":"rg-latam-modernization-peru-westus-001","security_rule":[{"access":"Allow","description":"","destination_address_prefix":"*","destination_address_prefixes":[],"destination_application_security_group_ids":[],"destination_port_range":"3389","destination_port_ranges":[],"direction":"Inbound","name":"AllowRDPIn","priority":120,"protocol":"Tcp","source_address_prefix":"*","source_address_prefixes":[],"source_application_security_group_ids":[],"source_port_range":"*","source_port_ranges":[]},{"access":"Allow","description":"","destination_address_prefix":"*","destination_address_prefixes":[],"destination_application_security_group_ids":[],"destination_port_range":"443","destination_port_ranges":[],"direction":"Inbound","name":"AllowSSLIn","priority":110,"protocol":"Tcp","source_address_prefix":"*","source_address_prefixes":[],"source_application_security_group_ids":[],"source_port_range":"*","source_port_ranges":[]},{"access":"Allow","description":"","destination_address_prefix":"*","destination_address_prefixes":[],"destination_application_security_group_ids":[],"destination_port_range":"443","destination_port_ranges":[],"direction":"Outbound","name":"AllowSSLOut","priority":110,"protocol":"Tcp","source_address_prefix":"*","source_address_prefixes":[],"source_application_security_group_ids":[],"source_port_range":"*","source_port_ranges":[]},{"access":"Allow","description":"","destination_address_prefix":"*","destination_address_prefixes":[],"destination_application_security_group_ids":[],"destination_port_range":"80","destination_port_ranges":[],"direction":"Inbound","name":"AllowWebIn","priority":100,"protocol":"Tcp","source_address_prefix":"*","source_address_prefixes":[],"source_application_security_group_ids":[],"source_port_range":"*","source_port_ranges":[]},{"access":"Allow","description":"","destination_address_prefix":"*","destination_address_prefixes":[],"destination_application_security_group_ids":[],"destination_port_range":"80","destination_port_ranges":[],"direction":"Outbound","name":"AllowWebOut","priority":100,"protocol":"Tcp","source_address_prefix":"*","source_address_prefixes":[],"source_application_security_group_ids":[],"source_port_range":"*","source_port_ranges":[]}],"tags":{"Createdby":"Kyndryl","ENV":"dev01","Impact":"Alto","Name":"dev01-coe-azwe2segd01","Project":"coe"},"timeouts":null},"after_unknown":{},"before_sensitive":{"security_rule":[{"destination_address_prefixes":[],"destination_application_security_group_ids":[],"destination_port_ranges":[],"source_address_prefixes":[],"source_application_security_group_ids":[],"source_port_ranges":[]},{"destination_address_prefixes":[],"destination_application_security_group_ids":[],"destination_port_ranges":[],"source_address_prefixes":[],"source_application_security_group_ids":[],"source_port_ranges":[]},{"destination_address_prefixes":[],"destination_application_security_group_ids":[],"destination_port_ranges":[],"source_address_prefixes":[],"source_application_security_group_ids":[],"source_port_ranges":[]},{"destination_address_prefixes":[],"destination_application_security_group_ids":[],"destination_port_ranges":[],"source_address_prefixes":[],"source_application_security_group_ids":[],"source_port_ranges":[]},{"destination_address_prefixes":[],"destination_application_security_group_ids":[],"destination_port_ranges":[],"source_address_prefixes":[],"source_application_security_group_ids":[],"source_port_ranges":[]}],"tags":{}},"after_sensitive":{"security_rule":[{"destination_address_prefixes":[],"destination_application_security_group_ids":[],"destination_port_ranges":[],"source_address_prefixes":[],"source_application_security_group_ids":[],"source_port_ranges":[]},{"destination_address_prefixes":[],"destination_application_security_group_ids":[],"destination_port_ranges":[],"source_address_prefixes":[],"source_application_security_group_ids":[],"source_port_ranges":[]},{"destination_address_prefixes":[],"destination_application_security_group_ids":[],"destination_port_ranges":[],"source_address_prefixes":[],"source_application_security_group_ids":[],"source_port_ranges":[]},{"destination_address_prefixes":[],"destination_application_security_group_ids":[],"destination_port_ranges":[],"source_address_prefixes":[],"source_application_security_group_ids":[],"source_port_ranges":[]},{"destination_address_prefixes":[],"destination_application_security_group_ids":[],"destination_port_ranges":[],"source_address_prefixes":[],"source_application_security_group_ids":[],"source_port_ranges":[]}],"tags":{}}}},{"address":"module.azure_storage_account.azurerm_storage_account.coe_azure_storage_account","module_address":"module.azure_storage_account","mode":"managed","type":"azurerm_storage_account","name":"coe_azure_storage_account","provider_name":"registry.terraform.io/hashicorp/azurerm","change":{"actions":["update"],"before":{"access_tier":"Hot","account_kind":"StorageV2","account_replication_type":"GRS","account_tier":"Standard","allow_nested_items_to_be_public":true,"allowed_copy_scope":"","azure_files_authentication":[],"blob_properties":[{"change_feed_enabled":false,"change_feed_retention_in_days":0,"container_delete_retention_policy":[],"cors_rule":[],"default_service_version":"","delete_retention_policy":[{"days":5}],"last_access_time_enabled":false,"restore_policy":[],"versioning_enabled":true}],"cross_tenant_replication_enabled":true,"custom_domain":[],"customer_managed_key":[],"default_to_oauth_authentication":false,"edge_zone":"","enable_https_traffic_only":true,"id":"/subscriptions/90c966dd-2583-40fe-9271-79cd238dbe2c/resourceGroups/rg-latam-modernization-peru-westus-001/providers/Microsoft.Storage/storageAccounts/azeu2stacd01","identity":[],"immutability_policy":[],"infrastructure_encryption_enabled":false,"is_hns_enabled":false,"large_file_share_enabled":null,"location":"westus","min_tls_version":"TLS1_2","name":"azeu2stacd01","network_rules":[{"bypass":["AzureServices"],"default_action":"Allow","ip_rules":["100.0.0.1"],"private_link_access":[],"virtual_network_subnet_ids":[]}],"nfsv3_enabled":false,"primary_access_key":"vyr2JkLT2VcC7tYLIDLhoTBDxIK0yA0WUAK7OpMG1ZMG0bTCFuWIBqqd4o/WzxLbeRHq2TNgIdiR+AStyLtGkA==","primary_blob_connection_string":"DefaultEndpointsProtocol=https;BlobEndpoint=https://azeu2stacd01.blob.core.windows.net/;AccountName=azeu2stacd01;AccountKey=vyr2JkLT2VcC7tYLIDLhoTBDxIK0yA0WUAK7OpMG1ZMG0bTCFuWIBqqd4o/WzxLbeRHq2TNgIdiR+AStyLtGkA==","primary_blob_endpoint":"https://azeu2stacd01.blob.core.windows.net/","primary_blob_host":"azeu2stacd01.blob.core.windows.net","primary_connection_string":"DefaultEndpointsProtocol=https;AccountName=azeu2stacd01;AccountKey=vyr2JkLT2VcC7tYLIDLhoTBDxIK0yA0WUAK7OpMG1ZMG0bTCFuWIBqqd4o/WzxLbeRHq2TNgIdiR+AStyLtGkA==;EndpointSuffix=core.windows.net","primary_dfs_endpoint":"https://azeu2stacd01.dfs.core.windows.net/","primary_dfs_host":"azeu2stacd01.dfs.core.windows.net","primary_file_endpoint":"https://azeu2stacd01.file.core.windows.net/","primary_file_host":"azeu2stacd01.file.core.windows.net","primary_location":"westus","primary_queue_endpoint":"https://azeu2stacd01.queue.core.windows.net/","primary_queue_host":"azeu2stacd01.queue.core.windows.net","primary_table_endpoint":"https://azeu2stacd01.table.core.windows.net/","primary_table_host":"azeu2stacd01.table.core.windows.net","primary_web_endpoint":"https://azeu2stacd01.z22.web.core.windows.net/","primary_web_host":"azeu2stacd01.z22.web.core.windows.net","public_network_access_enabled":true,"queue_encryption_key_type":"Service","queue_properties":[{"cors_rule":[],"hour_metrics":[{"enabled":true,"include_apis":true,"retention_policy_days":7,"version":"1.0"}],"logging":[{"delete":false,"read":false,"retention_policy_days":0,"version":"1.0","write":false}],"minute_metrics":[{"enabled":false,"include_apis":false,"retention_policy_days":0,"version":"1.0"}]}],"resource_group_name":"rg-latam-modernization-peru-westus-001","routing":[],"sas_policy":[],"secondary_access_key":"yr0IRwAIfFHd/0FqICwKk9KymcHtLN25pLqQFr9CnUdwfMDLWZOXMpIi10LBNcd4xHdHGzxBI5Js+AStqMMwUQ==","secondary_blob_connection_string":"","secondary_blob_endpoint":null,"secondary_blob_host":null,"secondary_connection_string":"DefaultEndpointsProtocol=https;AccountName=azeu2stacd01;AccountKey=yr0IRwAIfFHd/0FqICwKk9KymcHtLN25pLqQFr9CnUdwfMDLWZOXMpIi10LBNcd4xHdHGzxBI5Js+AStqMMwUQ==;EndpointSuffix=core.windows.net","secondary_dfs_endpoint":null,"secondary_dfs_host":null,"secondary_file_endpoint":null,"secondary_file_host":null,"secondary_location":"eastus","secondary_queue_endpoint":null,"secondary_queue_host":null,"secondary_table_endpoint":null,"secondary_table_host":null,"secondary_web_endpoint":null,"secondary_web_host":null,"sftp_enabled":false,"share_properties":[{"cors_rule":[],"retention_policy":[{"days":7}],"smb":[]}],"shared_access_key_enabled":true,"static_website":[],"table_encryption_key_type":"Service","tags":{"Createdby":"Kyndryl","ENV":"dev01","Impact":"Alto","Name":"dev01-coe-azwe1stacd01","Project":"coe","accountid":"Peru","practice":"cloud","teamorproject":"LATAM Initiative-Peru-Modernization"},"timeouts":null},"after":{"access_tier":"Hot","account_kind":"StorageV2","account_replication_type":"GRS","account_tier":"Standard","allow_nested_items_to_be_public":true,"allowed_copy_scope":"","azure_files_authentication":[],"blob_properties":[{"change_feed_enabled":false,"change_feed_retention_in_days":0,"container_delete_retention_policy":[],"cors_rule":[],"default_service_version":"","delete_retention_policy":[{"days":5}],"last_access_time_enabled":false,"restore_policy":[],"versioning_enabled":true}],"cross_tenant_replication_enabled":true,"custom_domain":[],"customer_managed_key":[],"default_to_oauth_authentication":false,"edge_zone":"","enable_https_traffic_only":true,"id":"/subscriptions/90c966dd-2583-40fe-9271-79cd238dbe2c/resourceGroups/rg-latam-modernization-peru-westus-001/providers/Microsoft.Storage/storageAccounts/azeu2stacd01","identity":[],"immutability_policy":[],"infrastructure_encryption_enabled":false,"is_hns_enabled":false,"large_file_share_enabled":null,"location":"westus","min_tls_version":"TLS1_2","name":"azeu2stacd01","network_rules":[{"bypass":["AzureServices"],"default_action":"Allow","ip_rules":["100.0.0.1"],"private_link_access":[],"virtual_network_subnet_ids":[]}],"nfsv3_enabled":false,"primary_access_key":"vyr2JkLT2VcC7tYLIDLhoTBDxIK0yA0WUAK7OpMG1ZMG0bTCFuWIBqqd4o/WzxLbeRHq2TNgIdiR+AStyLtGkA==","primary_blob_connection_string":"DefaultEndpointsProtocol=https;BlobEndpoint=https://azeu2stacd01.blob.core.windows.net/;AccountName=azeu2stacd01;AccountKey=vyr2JkLT2VcC7tYLIDLhoTBDxIK0yA0WUAK7OpMG1ZMG0bTCFuWIBqqd4o/WzxLbeRHq2TNgIdiR+AStyLtGkA==","primary_blob_endpoint":"https://azeu2stacd01.blob.core.windows.net/","primary_blob_host":"azeu2stacd01.blob.core.windows.net","primary_connection_string":"DefaultEndpointsProtocol=https;AccountName=azeu2stacd01;AccountKey=vyr2JkLT2VcC7tYLIDLhoTBDxIK0yA0WUAK7OpMG1ZMG0bTCFuWIBqqd4o/WzxLbeRHq2TNgIdiR+AStyLtGkA==;EndpointSuffix=core.windows.net","primary_dfs_endpoint":"https://azeu2stacd01.dfs.core.windows.net/","primary_dfs_host":"azeu2stacd01.dfs.core.windows.net","primary_file_endpoint":"https://azeu2stacd01.file.core.windows.net/","primary_file_host":"azeu2stacd01.file.core.windows.net","primary_location":"westus","primary_queue_endpoint":"https://azeu2stacd01.queue.core.windows.net/","primary_queue_host":"azeu2stacd01.queue.core.windows.net","primary_table_endpoint":"https://azeu2stacd01.table.core.windows.net/","primary_table_host":"azeu2stacd01.table.core.windows.net","primary_web_endpoint":"https://azeu2stacd01.z22.web.core.windows.net/","primary_web_host":"azeu2stacd01.z22.web.core.windows.net","public_network_access_enabled":true,"queue_encryption_key_type":"Service","queue_properties":[{"cors_rule":[],"hour_metrics":[{"enabled":true,"include_apis":true,"retention_policy_days":7,"version":"1.0"}],"logging":[{"delete":false,"read":false,"retention_policy_days":0,"version":"1.0","write":false}],"minute_metrics":[{"enabled":false,"include_apis":false,"retention_policy_days":0,"version":"1.0"}]}],"resource_group_name":"rg-latam-modernization-peru-westus-001","routing":[],"sas_policy":[],"secondary_access_key":"yr0IRwAIfFHd/0FqICwKk9KymcHtLN25pLqQFr9CnUdwfMDLWZOXMpIi10LBNcd4xHdHGzxBI5Js+AStqMMwUQ==","secondary_blob_connection_string":"","secondary_blob_endpoint":null,"secondary_blob_host":null,"secondary_connection_string":"DefaultEndpointsProtocol=https;AccountName=azeu2stacd01;AccountKey=yr0IRwAIfFHd/0FqICwKk9KymcHtLN25pLqQFr9CnUdwfMDLWZOXMpIi10LBNcd4xHdHGzxBI5Js+AStqMMwUQ==;EndpointSuffix=core.windows.net","secondary_dfs_endpoint":null,"secondary_dfs_host":null,"secondary_file_endpoint":null,"secondary_file_host":null,"secondary_location":"eastus","secondary_queue_endpoint":null,"secondary_queue_host":null,"secondary_table_endpoint":null,"secondary_table_host":null,"secondary_web_endpoint":null,"secondary_web_host":null,"sftp_enabled":false,"share_properties":[{"cors_rule":[],"retention_policy":[{"days":7}],"smb":[]}],"shared_access_key_enabled":true,"static_website":[],"table_encryption_key_type":"Service","tags":{"Createdby":"Kyndryl","ENV":"dev01","Impact":"Alto","Name":"dev01-coe-azwe1stacd01","Project":"coe"},"timeouts":null},"after_unknown":{},"before_sensitive":{"azure_files_authentication":[],"blob_properties":[{"container_delete_retention_policy":[],"cors_rule":[],"delete_retention_policy":[{}],"restore_policy":[]}],"custom_domain":[],"customer_managed_key":[],"identity":[],"immutability_policy":[],"network_rules":[{"bypass":[false],"ip_rules":[false],"private_link_access":[],"virtual_network_subnet_ids":[]}],"primary_access_key":true,"primary_blob_connection_string":true,"primary_connection_string":true,"queue_properties":[{"cors_rule":[],"hour_metrics":[{}],"logging":[{}],"minute_metrics":[{}]}],"routing":[],"sas_policy":[],"secondary_access_key":true,"secondary_blob_connection_string":true,"secondary_connection_string":true,"share_properties":[{"cors_rule":[],"retention_policy":[{}],"smb":[]}],"static_website":[],"tags":{}},"after_sensitive":{"azure_files_authentication":[],"blob_properties":[{"container_delete_retention_policy":[],"cors_rule":[],"delete_retention_policy":[{}],"restore_policy":[]}],"custom_domain":[],"customer_managed_key":[],"identity":[],"immutability_policy":[],"network_rules":[{"bypass":[false],"ip_rules":[false],"private_link_access":[],"virtual_network_subnet_ids":[]}],"primary_access_key":true,"primary_blob_connection_string":true,"primary_connection_string":true,"queue_properties":[{"cors_rule":[],"hour_metrics":[{}],"logging":[{}],"minute_metrics":[{}]}],"routing":[],"sas_policy":[],"secondary_access_key":true,"secondary_blob_connection_string":true,"secondary_connection_string":true,"share_properties":[{"cors_rule":[],"retention_policy":[{}],"smb":[]}],"static_website":[],"tags":{}}}}],"prior_state":{"format_version":"1.0","terraform_version":"1.1.7","values":{"root_module":{"child_modules":[{"resources":[{"address":"module.azure_container_registry.azurerm_container_registry.coe_azure_container_registry","mode":"managed","type":"azurerm_container_registry","name":"coe_azure_container_registry","provider_name":"registry.terraform.io/hashicorp/azurerm","schema_version":2,"values":{"admin_enabled":false,"admin_password":"","admin_username":"","anonymous_pull_enabled":false,"data_endpoint_enabled":false,"encryption":[{"enabled":false,"identity_client_id":"","key_vault_key_id":""}],"export_policy_enabled":true,"georeplications":[{"location":"eastus","regional_endpoint_enabled":false,"tags":{"Createdby":"Kyndryl","ENV":"dev01","Impact":"Alto","Name":"dev01-coe-azwe12acrd01","Project":"coe","accountid":"Peru","practice":"cloud","teamorproject":"LATAM Initiative-Peru-Modernization"},"zone_redundancy_enabled":true}],"id":"/subscriptions/90c966dd-2583-40fe-9271-79cd238dbe2c/resourceGroups/rg-latam-modernization-peru-westus-001/providers/Microsoft.ContainerRegistry/registries/azeu2acrd01","identity":[],"location":"westus","login_server":"azeu2acrd01.azurecr.io","name":"azeu2acrd01","network_rule_bypass_option":"AzureServices","network_rule_set":[{"default_action":"Allow","ip_rule":[],"virtual_network":[]}],"public_network_access_enabled":true,"quarantine_policy_enabled":false,"resource_group_name":"rg-latam-modernization-peru-westus-001","retention_policy":[{"days":7,"enabled":false}],"sku":"Premium","tags":{"accountid":"Peru","practice":"cloud","teamorproject":"LATAM Initiative-Peru-Modernization"},"timeouts":null,"trust_policy":[{"enabled":false}],"zone_redundancy_enabled":false},"sensitive_values":{"encryption":[{}],"georeplications":[{"tags":{}}],"identity":[],"network_rule_set":[{"ip_rule":[],"virtual_network":[]}],"retention_policy":[{}],"tags":{},"trust_policy":[{}]}}],"address":"module.azure_container_registry"},{"resources":[{"address":"module.azure_cosmosdb.azurerm_cosmosdb_account.coe_azure_cosmosdb_account","mode":"managed","type":"azurerm_cosmosdb_account","name":"coe_azure_cosmosdb_account","provider_name":"registry.terraform.io/hashicorp/azurerm","schema_version":0,"values":{"access_key_metadata_writes_enabled":true,"analytical_storage":[{"schema_type":"FullFidelity"}],"analytical_storage_enabled":false,"backup":[{"interval_in_minutes":240,"retention_in_hours":8,"storage_redundancy":"Geo","type":"Periodic"}],"capabilities":[{"name":"EnableAggregationPipeline"},{"name":"EnableMongo"},{"name":"MongoDBv3.4"},{"name":"mongoEnableDocLevelTTL"}],"capacity":[],"connection_strings":["mongodb://azwe2cdbd01:GX5tX4vdea3BEoofPKAw0PQsg86UItcW4oWwghbCQQaJx1bEXEWcE7QWKGlI1GDCfmlnJShIijWaACDbQJbrew==@azwe2cdbd01.mongo.cosmos.azure.com:10255/?ssl=true\u0026replicaSet=globaldb\u0026retrywrites=false\u0026maxIdleTimeMS=120000\u0026appName=@azwe2cdbd01@","mongodb://azwe2cdbd01:iksiAjqK5w2dIXUl0dAbbPlbP9wH1yKacZhuNh6aA3DVVAok55b0ddJTiwnsF94HpsO0lVBCgO9gACDbjEWgGQ==@azwe2cdbd01.mongo.cosmos.azure.com:10255/?ssl=true\u0026replicaSet=globaldb\u0026retrywrites=false\u0026maxIdleTimeMS=120000\u0026appName=@azwe2cdbd01@","mongodb://azwe2cdbd01:Gu5t7tsR6KrU1a74DDKlDtToqFJWHLEpljwYf1nMQ35wcwT6h0LkiNsLb203VLiisbWDstc2WFgFACDbuw1MAg==@azwe2cdbd01.mongo.cosmos.azure.com:10255/?ssl=true\u0026replicaSet=globaldb\u0026retrywrites=false\u0026maxIdleTimeMS=120000\u0026appName=@azwe2cdbd01@","mongodb://azwe2cdbd01:LwOdSfMPPeIN8NpzX2F0piW3ZCfOVcKk7QwBjgyUu6ku9EmsYkSvGTNnRFYSuOdYZutASFIajtabACDbgTIzhA==@azwe2cdbd01.mongo.cosmos.azure.com:10255/?ssl=true\u0026replicaSet=globaldb\u0026retrywrites=false\u0026maxIdleTimeMS=120000\u0026appName=@azwe2cdbd01@"],"consistency_policy":[{"consistency_level":"BoundedStaleness","max_interval_in_seconds":300,"max_staleness_prefix":100000}],"cors_rule":[],"create_mode":"","default_identity_type":"FirstPartyIdentity","enable_automatic_failover":true,"enable_free_tier":false,"enable_multiple_write_locations":false,"endpoint":"https://azwe2cdbd01.documents.azure.com:443/","geo_location":[{"failover_priority":0,"id":"azwe2cdbd01-westus","location":"westus","zone_redundant":false},{"failover_priority":1,"id":"azwe2cdbd01-eastus","location":"eastus","zone_redundant":false}],"id":"/subscriptions/90c966dd-2583-40fe-9271-79cd238dbe2c/resourceGroups/rg-latam-modernization-peru-westus-001/providers/Microsoft.DocumentDB/databaseAccounts/azwe2cdbd01","identity":[],"ip_range_filter":"","is_virtual_network_filter_enabled":false,"key_vault_key_id":null,"kind":"MongoDB","local_authentication_disabled":false,"location":"westus","mongo_server_version":"3.6","name":"azwe2cdbd01","network_acl_bypass_for_azure_services":false,"network_acl_bypass_ids":[],"offer_type":"Standard","primary_key":"GX5tX4vdea3BEoofPKAw0PQsg86UItcW4oWwghbCQQaJx1bEXEWcE7QWKGlI1GDCfmlnJShIijWaACDbQJbrew==","primary_readonly_key":"Gu5t7tsR6KrU1a74DDKlDtToqFJWHLEpljwYf1nMQ35wcwT6h0LkiNsLb203VLiisbWDstc2WFgFACDbuw1MAg==","primary_readonly_sql_connection_string":null,"primary_sql_connection_string":null,"public_network_access_enabled":true,"read_endpoints":["https://azwe2cdbd01-westus.documents.azure.com:443/","https://azwe2cdbd01-eastus.documents.azure.com:443/"],"resource_group_name":"rg-latam-modernization-peru-westus-001","restore":[],"secondary_key":"iksiAjqK5w2dIXUl0dAbbPlbP9wH1yKacZhuNh6aA3DVVAok55b0ddJTiwnsF94HpsO0lVBCgO9gACDbjEWgGQ==","secondary_readonly_key":"LwOdSfMPPeIN8NpzX2F0piW3ZCfOVcKk7QwBjgyUu6ku9EmsYkSvGTNnRFYSuOdYZutASFIajtabACDbgTIzhA==","secondary_readonly_sql_connection_string":null,"secondary_sql_connection_string":null,"tags":{"Createdby":"Kyndryl","ENV":"dev01","Impact":"Alto","Name":"dev01-coe-azwe2cdbd01","Project":"coe","accountid":"Peru","practice":"cloud","teamorproject":"LATAM Initiative-Peru-Modernization"},"timeouts":null,"virtual_network_rule":[],"write_endpoints":["https://azwe2cdbd01-westus.documents.azure.com:443/"]},"sensitive_values":{"analytical_storage":[{}],"backup":[{}],"capabilities":[{},{},{},{}],"capacity":[],"connection_strings":[false,false,false,false],"consistency_policy":[{}],"cors_rule":[],"geo_location":[{},{}],"identity":[],"network_acl_bypass_ids":[],"read_endpoints":[false,false],"restore":[],"tags":{},"virtual_network_rule":[],"write_endpoints":[false]}}],"address":"module.azure_cosmosdb"},{"resources":[{"address":"module.azure_key_vault.azurerm_key_vault.coe_azure_key_vault","mode":"managed","type":"azurerm_key_vault","name":"coe_azure_key_vault","provider_name":"registry.terraform.io/hashicorp/azurerm","schema_version":2,"values":{"access_policy":[{"application_id":"","certificate_permissions":[],"key_permissions":["Get"],"object_id":"82d55ef9-fbce-4c78-aeed-28ae23c28b8b","secret_permissions":["Get"],"storage_permissions":["Get"],"tenant_id":"d1c719f7-cc48-4f9f-83ec-f706a2a940fe"}],"contact":[],"enable_rbac_authorization":false,"enabled_for_deployment":false,"enabled_for_disk_encryption":true,"enabled_for_template_deployment":false,"id":"/subscriptions/90c966dd-2583-40fe-9271-79cd238dbe2c/resourceGroups/rg-latam-modernization-peru-westus-001/providers/Microsoft.KeyVault/vaults/keyvault-test-coe-341","location":"westus","name":"keyvault-test-coe-341","network_acls":[{"bypass":"AzureServices","default_action":"Allow","ip_rules":[],"virtual_network_subnet_ids":[]}],"public_network_access_enabled":true,"purge_protection_enabled":false,"resource_group_name":"rg-latam-modernization-peru-westus-001","sku_name":"standard","soft_delete_retention_days":7,"tags":{"Createdby":"Kyndryl","ENV":"dev01","Impact":"Alto","Name":"dev01-coe-azwe2cdbd01","Project":"coe","accountid":"Peru","practice":"cloud","teamorproject":"LATAM Initiative-Peru-Modernization"},"tenant_id":"d1c719f7-cc48-4f9f-83ec-f706a2a940fe","timeouts":null,"vault_uri":"https://keyvault-test-coe-341.vault.azure.net/"},"sensitive_values":{"access_policy":[{"certificate_permissions":[],"key_permissions":[false],"secret_permissions":[false],"storage_permissions":[false]}],"contact":[],"network_acls":[{"ip_rules":[],"virtual_network_subnet_ids":[]}],"tags":{}},"depends_on":["module.azure_key_vault.data.azurerm_client_config.current"]},{"address":"module.azure_key_vault.data.azurerm_client_config.current","mode":"data","type":"azurerm_client_config","name":"current","provider_name":"registry.terraform.io/hashicorp/azurerm","schema_version":0,"values":{"client_id":"04b07795-8ddb-461a-bbee-02f9e1bf7b46","id":"Y2xpZW50Q29uZmlncy9jbGllbnRJZD0wNGIwNzc5NS04ZGRiLTQ2MWEtYmJlZS0wMmY5ZTFiZjdiNDY7b2JqZWN0SWQ9ODJkNTVlZjktZmJjZS00Yzc4LWFlZWQtMjhhZTIzYzI4YjhiO3N1YnNjcmlwdGlvbklkPTkwYzk2NmRkLTI1ODMtNDBmZS05MjcxLTc5Y2QyMzhkYmUyYzt0ZW5hbnRJZD1kMWM3MTlmNy1jYzQ4LTRmOWYtODNlYy1mNzA2YTJhOTQwZmU=","object_id":"82d55ef9-fbce-4c78-aeed-28ae23c28b8b","subscription_id":"90c966dd-2583-40fe-9271-79cd238dbe2c","tenant_id":"d1c719f7-cc48-4f9f-83ec-f706a2a940fe","timeouts":null},"sensitive_values":{}}],"address":"module.azure_key_vault"},{"resources":[{"address":"module.azure_networking.azurerm_nat_gateway.coe_azure_nat_gateway","mode":"managed","type":"azurerm_nat_gateway","name":"coe_azure_nat_gateway","provider_name":"registry.terraform.io/hashicorp/azurerm","schema_version":0,"values":{"id":"/subscriptions/90c966dd-2583-40fe-9271-79cd238dbe2c/resourceGroups/rg-latam-modernization-peru-westus-001/providers/Microsoft.Network/natGateways/azwe2natgd01","idle_timeout_in_minutes":10,"location":"westus","name":"azwe2natgd01","resource_group_name":"rg-latam-modernization-peru-westus-001","resource_guid":"604fe89a-aeac-4df4-83c5-e7423fc3a4ca","sku_name":"Standard","tags":{"Createdby":"Kyndryl","ENV":"dev01","Impact":"Alto","Name":"dev01-coe-azwe2vnetd01","Project":"coe","accountid":"Peru","practice":"cloud","teamorproject":"LATAM Initiative-Peru-Modernization"},"timeouts":null,"zones":[]},"sensitive_values":{"tags":{},"zones":[]},"depends_on":["module.azure_security_group.azurerm_network_security_group.network_security_group"]},{"address":"module.azure_networking.azurerm_nat_gateway_public_ip_association.coe_azure_nat_gateway_with_public_ip_association","mode":"managed","type":"azurerm_nat_gateway_public_ip_association","name":"coe_azure_nat_gateway_with_public_ip_association","provider_name":"registry.terraform.io/hashicorp/azurerm","schema_version":0,"values":{"id":"/subscriptions/90c966dd-2583-40fe-9271-79cd238dbe2c/resourceGroups/rg-latam-modernization-peru-westus-001/providers/Microsoft.Network/natGateways/azwe2natgd01|/subscriptions/90c966dd-2583-40fe-9271-79cd238dbe2c/resourceGroups/rg-latam-modernization-peru-westus-001/providers/Microsoft.Network/publicIPAddresses/azwe2-nat-gateway-public-ip-d01","nat_gateway_id":"/subscriptions/90c966dd-2583-40fe-9271-79cd238dbe2c/resourceGroups/rg-latam-modernization-peru-westus-001/providers/Microsoft.Network/natGateways/azwe2natgd01","public_ip_address_id":"/subscriptions/90c966dd-2583-40fe-9271-79cd238dbe2c/resourceGroups/rg-latam-modernization-peru-westus-001/providers/Microsoft.Network/publicIPAddresses/azwe2-nat-gateway-public-ip-d01","timeouts":null},"sensitive_values":{},"depends_on":["module.azure_networking.azurerm_nat_gateway.coe_azure_nat_gateway","module.azure_networking.azurerm_public_ip.coe_azure_public_ip","module.azure_security_group.azurerm_network_security_group.network_security_group"]},{"address":"module.azure_networking.azurerm_public_ip.coe_azure_public_ip","mode":"managed","type":"azurerm_public_ip","name":"coe_azure_public_ip","provider_name":"registry.terraform.io/hashicorp/azurerm","schema_version":0,"values":{"allocation_method":"Static","ddos_protection_mode":"VirtualNetworkInherited","ddos_protection_plan_id":null,"domain_name_label":null,"edge_zone":"","fqdn":null,"id":"/subscriptions/90c966dd-2583-40fe-9271-79cd238dbe2c/resourceGroups/rg-latam-modernization-peru-westus-001/providers/Microsoft.Network/publicIPAddresses/azwe2-nat-gateway-public-ip-d01","idle_timeout_in_minutes":4,"ip_address":"20.253.140.104","ip_tags":{},"ip_version":"IPv4","location":"westus","name":"azwe2-nat-gateway-public-ip-d01","public_ip_prefix_id":null,"resource_group_name":"rg-latam-modernization-peru-westus-001","reverse_fqdn":null,"sku":"Standard","sku_tier":"Regional","tags":{"Createdby":"Kyndryl","ENV":"dev01","Impact":"Alto","Name":"dev01-coe-azwe2vnetd01","Project":"coe","accountid":"Peru","practice":"cloud","teamorproject":"LATAM Initiative-Peru-Modernization"},"timeouts":null,"zones":[]},"sensitive_values":{"ip_tags":{},"tags":{},"zones":[]},"depends_on":["module.azure_security_group.azurerm_network_security_group.network_security_group"]},{"address":"module.azure_networking.azurerm_public_ip_prefix.coe_azure_public_ip_prefix","mode":"managed","type":"azurerm_public_ip_prefix","name":"coe_azure_public_ip_prefix","provider_name":"registry.terraform.io/hashicorp/azurerm","schema_version":0,"values":{"id":"/subscriptions/90c966dd-2583-40fe-9271-79cd238dbe2c/resourceGroups/rg-latam-modernization-peru-westus-001/providers/Microsoft.Network/publicIPPrefixes/azwe2-nat-gateway-public-prefix-ip-d01","ip_prefix":"20.253.146.240/30","ip_version":"IPv4","location":"westus","name":"azwe2-nat-gateway-public-prefix-ip-d01","prefix_length":30,"resource_group_name":"rg-latam-modernization-peru-westus-001","sku":"Standard","tags":{"Createdby":"Kyndryl","ENV":"dev01","Impact":"Alto","Name":"dev01-coe-azwe2vnetd01","Project":"coe","accountid":"Peru","practice":"cloud","teamorproject":"LATAM Initiative-Peru-Modernization"},"timeouts":null,"zones":[]},"sensitive_values":{"tags":{},"zones":[]},"depends_on":["module.azure_security_group.azurerm_network_security_group.network_security_group"]},{"address":"module.azure_networking.azurerm_virtual_network.coe_azure_vnet","mode":"managed","type":"azurerm_virtual_network","name":"coe_azure_vnet","provider_name":"registry.terraform.io/hashicorp/azurerm","schema_version":0,"values":{"address_space":["10.0.0.0/16"],"bgp_community":"","ddos_protection_plan":[],"dns_servers":["10.0.0.4","10.0.0.5"],"edge_zone":"","flow_timeout_in_minutes":0,"guid":"48370e79-4f44-474d-963e-3b157edcf426","id":"/subscriptions/90c966dd-2583-40fe-9271-79cd238dbe2c/resourceGroups/rg-latam-modernization-peru-westus-001/providers/Microsoft.Network/virtualNetworks/azwe2vnetd01","location":"westus","name":"azwe2vnetd01","resource_group_name":"rg-latam-modernization-peru-westus-001","subnet":[],"tags":{"Createdby":"Kyndryl","ENV":"dev01","Impact":"Alto","Name":"dev01-coe-azwe2vnetd01","Project":"coe","accountid":"Peru","practice":"cloud","teamorproject":"LATAM Initiative-Peru-Modernization"},"timeouts":null},"sensitive_values":{"address_space":[false],"ddos_protection_plan":[],"dns_servers":[false,false],"subnet":[],"tags":{}},"depends_on":["module.azure_security_group.azurerm_network_security_group.network_security_group"]}],"address":"module.azure_networking"},{"resources":[{"address":"module.azure_security_group.azurerm_network_security_group.network_security_group","mode":"managed","type":"azurerm_network_security_group","name":"network_security_group","provider_name":"registry.terraform.io/hashicorp/azurerm","schema_version":0,"values":{"id":"/subscriptions/90c966dd-2583-40fe-9271-79cd238dbe2c/resourceGroups/rg-latam-modernization-peru-westus-001/providers/Microsoft.Network/networkSecurityGroups/security-group-name-coe","location":"westus","name":"security-group-name-coe","resource_group_name":"rg-latam-modernization-peru-westus-001","security_rule":[{"access":"Allow","description":"","destination_address_prefix":"*","destination_address_prefixes":[],"destination_application_security_group_ids":[],"destination_port_range":"3389","destination_port_ranges":[],"direction":"Inbound","name":"AllowRDPIn","priority":120,"protocol":"Tcp","source_address_prefix":"*","source_address_prefixes":[],"source_application_security_group_ids":[],"source_port_range":"*","source_port_ranges":[]},{"access":"Allow","description":"","destination_address_prefix":"*","destination_address_prefixes":[],"destination_application_security_group_ids":[],"destination_port_range":"443","destination_port_ranges":[],"direction":"Inbound","name":"AllowSSLIn","priority":110,"protocol":"Tcp","source_address_prefix":"*","source_address_prefixes":[],"source_application_security_group_ids":[],"source_port_range":"*","source_port_ranges":[]},{"access":"Allow","description":"","destination_address_prefix":"*","destination_address_prefixes":[],"destination_application_security_group_ids":[],"destination_port_range":"443","destination_port_ranges":[],"direction":"Outbound","name":"AllowSSLOut","priority":110,"protocol":"Tcp","source_address_prefix":"*","source_address_prefixes":[],"source_application_security_group_ids":[],"source_port_range":"*","source_port_ranges":[]},{"access":"Allow","description":"","destination_address_prefix":"*","destination_address_prefixes":[],"destination_application_security_group_ids":[],"destination_port_range":"80","destination_port_ranges":[],"direction":"Inbound","name":"AllowWebIn","priority":100,"protocol":"Tcp","source_address_prefix":"*","source_address_prefixes":[],"source_application_security_group_ids":[],"source_port_range":"*","source_port_ranges":[]},{"access":"Allow","description":"","destination_address_prefix":"*","destination_address_prefixes":[],"destination_application_security_group_ids":[],"destination_port_range":"80","destination_port_ranges":[],"direction":"Outbound","name":"AllowWebOut","priority":100,"protocol":"Tcp","source_address_prefix":"*","source_address_prefixes":[],"source_application_security_group_ids":[],"source_port_range":"*","source_port_ranges":[]}],"tags":{"Createdby":"Kyndryl","ENV":"dev01","Impact":"Alto","Name":"dev01-coe-azwe2segd01","Project":"coe","accountid":"Peru","practice":"cloud","teamorproject":"LATAM Initiative-Peru-Modernization"},"timeouts":null},"sensitive_values":{"security_rule":[{"destination_address_prefixes":[],"destination_application_security_group_ids":[],"destination_port_ranges":[],"source_address_prefixes":[],"source_application_security_group_ids":[],"source_port_ranges":[]},{"destination_address_prefixes":[],"destination_application_security_group_ids":[],"destination_port_ranges":[],"source_address_prefixes":[],"source_application_security_group_ids":[],"source_port_ranges":[]},{"destination_address_prefixes":[],"destination_application_security_group_ids":[],"destination_port_ranges":[],"source_address_prefixes":[],"source_application_security_group_ids":[],"source_port_ranges":[]},{"destination_address_prefixes":[],"destination_application_security_group_ids":[],"destination_port_ranges":[],"source_address_prefixes":[],"source_application_security_group_ids":[],"source_port_ranges":[]},{"destination_address_prefixes":[],"destination_application_security_group_ids":[],"destination_port_ranges":[],"source_address_prefixes":[],"source_application_security_group_ids":[],"source_port_ranges":[]}],"tags":{}}}],"address":"module.azure_security_group"},{"resources":[{"address":"module.azure_storage_account.azurerm_storage_account.coe_azure_storage_account","mode":"managed","type":"azurerm_storage_account","name":"coe_azure_storage_account","provider_name":"registry.terraform.io/hashicorp/azurerm","schema_version":3,"values":{"access_tier":"Hot","account_kind":"StorageV2","account_replication_type":"GRS","account_tier":"Standard","allow_nested_items_to_be_public":true,"allowed_copy_scope":"","azure_files_authentication":[],"blob_properties":[{"change_feed_enabled":false,"change_feed_retention_in_days":0,"container_delete_retention_policy":[],"cors_rule":[],"default_service_version":"","delete_retention_policy":[{"days":5}],"last_access_time_enabled":false,"restore_policy":[],"versioning_enabled":true}],"cross_tenant_replication_enabled":true,"custom_domain":[],"customer_managed_key":[],"default_to_oauth_authentication":false,"edge_zone":"","enable_https_traffic_only":true,"id":"/subscriptions/90c966dd-2583-40fe-9271-79cd238dbe2c/resourceGroups/rg-latam-modernization-peru-westus-001/providers/Microsoft.Storage/storageAccounts/azeu2stacd01","identity":[],"immutability_policy":[],"infrastructure_encryption_enabled":false,"is_hns_enabled":false,"large_file_share_enabled":null,"location":"westus","min_tls_version":"TLS1_2","name":"azeu2stacd01","network_rules":[{"bypass":["AzureServices"],"default_action":"Allow","ip_rules":["100.0.0.1"],"private_link_access":[],"virtual_network_subnet_ids":[]}],"nfsv3_enabled":false,"primary_access_key":"vyr2JkLT2VcC7tYLIDLhoTBDxIK0yA0WUAK7OpMG1ZMG0bTCFuWIBqqd4o/WzxLbeRHq2TNgIdiR+AStyLtGkA==","primary_blob_connection_string":"DefaultEndpointsProtocol=https;BlobEndpoint=https://azeu2stacd01.blob.core.windows.net/;AccountName=azeu2stacd01;AccountKey=vyr2JkLT2VcC7tYLIDLhoTBDxIK0yA0WUAK7OpMG1ZMG0bTCFuWIBqqd4o/WzxLbeRHq2TNgIdiR+AStyLtGkA==","primary_blob_endpoint":"https://azeu2stacd01.blob.core.windows.net/","primary_blob_host":"azeu2stacd01.blob.core.windows.net","primary_connection_string":"DefaultEndpointsProtocol=https;AccountName=azeu2stacd01;AccountKey=vyr2JkLT2VcC7tYLIDLhoTBDxIK0yA0WUAK7OpMG1ZMG0bTCFuWIBqqd4o/WzxLbeRHq2TNgIdiR+AStyLtGkA==;EndpointSuffix=core.windows.net","primary_dfs_endpoint":"https://azeu2stacd01.dfs.core.windows.net/","primary_dfs_host":"azeu2stacd01.dfs.core.windows.net","primary_file_endpoint":"https://azeu2stacd01.file.core.windows.net/","primary_file_host":"azeu2stacd01.file.core.windows.net","primary_location":"westus","primary_queue_endpoint":"https://azeu2stacd01.queue.core.windows.net/","primary_queue_host":"azeu2stacd01.queue.core.windows.net","primary_table_endpoint":"https://azeu2stacd01.table.core.windows.net/","primary_table_host":"azeu2stacd01.table.core.windows.net","primary_web_endpoint":"https://azeu2stacd01.z22.web.core.windows.net/","primary_web_host":"azeu2stacd01.z22.web.core.windows.net","public_network_access_enabled":true,"queue_encryption_key_type":"Service","queue_properties":[{"cors_rule":[],"hour_metrics":[{"enabled":true,"include_apis":true,"retention_policy_days":7,"version":"1.0"}],"logging":[{"delete":false,"read":false,"retention_policy_days":0,"version":"1.0","write":false}],"minute_metrics":[{"enabled":false,"include_apis":false,"retention_policy_days":0,"version":"1.0"}]}],"resource_group_name":"rg-latam-modernization-peru-westus-001","routing":[],"sas_policy":[],"secondary_access_key":"yr0IRwAIfFHd/0FqICwKk9KymcHtLN25pLqQFr9CnUdwfMDLWZOXMpIi10LBNcd4xHdHGzxBI5Js+AStqMMwUQ==","secondary_blob_connection_string":"","secondary_blob_endpoint":null,"secondary_blob_host":null,"secondary_connection_string":"DefaultEndpointsProtocol=https;AccountName=azeu2stacd01;AccountKey=yr0IRwAIfFHd/0FqICwKk9KymcHtLN25pLqQFr9CnUdwfMDLWZOXMpIi10LBNcd4xHdHGzxBI5Js+AStqMMwUQ==;EndpointSuffix=core.windows.net","secondary_dfs_endpoint":null,"secondary_dfs_host":null,"secondary_file_endpoint":null,"secondary_file_host":null,"secondary_location":"eastus","secondary_queue_endpoint":null,"secondary_queue_host":null,"secondary_table_endpoint":null,"secondary_table_host":null,"secondary_web_endpoint":null,"secondary_web_host":null,"sftp_enabled":false,"share_properties":[{"cors_rule":[],"retention_policy":[{"days":7}],"smb":[]}],"shared_access_key_enabled":true,"static_website":[],"table_encryption_key_type":"Service","tags":{"Createdby":"Kyndryl","ENV":"dev01","Impact":"Alto","Name":"dev01-coe-azwe1stacd01","Project":"coe","accountid":"Peru","practice":"cloud","teamorproject":"LATAM Initiative-Peru-Modernization"},"timeouts":null},"sensitive_values":{"azure_files_authentication":[],"blob_properties":[{"container_delete_retention_policy":[],"cors_rule":[],"delete_retention_policy":[{}],"restore_policy":[]}],"custom_domain":[],"customer_managed_key":[],"identity":[],"immutability_policy":[],"network_rules":[{"bypass":[false],"ip_rules":[false],"private_link_access":[],"virtual_network_subnet_ids":[]}],"queue_properties":[{"cors_rule":[],"hour_metrics":[{}],"logging":[{}],"minute_metrics":[{}]}],"routing":[],"sas_policy":[],"share_properties":[{"cors_rule":[],"retention_policy":[{}],"smb":[]}],"static_website":[],"tags":{}}}],"address":"module.azure_storage_account"}]}}},"configuration":{"provider_config":{"azurerm":{"name":"azurerm","version_constraint":"3.43.0","expressions":{"features":[{"key_vault":[{"purge_soft_delete_on_destroy":{"constant_value":false},"recover_soft_deleted_key_vaults":{"constant_value":false}}]}]}},"kubernetes":{"name":"kubernetes","expressions":{"client_certificate":{"references":["azurerm_kubernetes_cluster.main.kube_config[0].client_certificate","azurerm_kubernetes_cluster.main.kube_config[0]","azurerm_kubernetes_cluster.main.kube_config","azurerm_kubernetes_cluster.main"]},"client_key":{"references":["azurerm_kubernetes_cluster.main.kube_config[0].client_key","azurerm_kubernetes_cluster.main.kube_config[0]","azurerm_kubernetes_cluster.main.kube_config","azurerm_kubernetes_cluster.main"]},"cluster_ca_certificate":{"references":["azurerm_kubernetes_cluster.main.kube_config[0].cluster_ca_certificate","azurerm_kubernetes_cluster.main.kube_config[0]","azurerm_kubernetes_cluster.main.kube_config","azurerm_kubernetes_cluster.main"]},"host":{"references":["azurerm_kubernetes_cluster.main.kube_config[0].host","azurerm_kubernetes_cluster.main.kube_config[0]","azurerm_kubernetes_cluster.main.kube_config","azurerm_kubernetes_cluster.main"]},"password":{"references":["azurerm_kubernetes_cluster.main.kube_config[0].password","azurerm_kubernetes_cluster.main.kube_config[0]","azurerm_kubernetes_cluster.main.kube_config","azurerm_kubernetes_cluster.main"]},"username":{"references":["azurerm_kubernetes_cluster.main.kube_config[0].username","azurerm_kubernetes_cluster.main.kube_config[0]","azurerm_kubernetes_cluster.main.kube_config","azurerm_kubernetes_cluster.main"]}}}},"root_module":{"module_calls":{"azure_container_registry":{"source":"./modules/azure_container_registry","expressions":{"azure_container_registry_admin_enabled":{"references":["var.azure_container_registry_admin_enabled"]},"azure_container_registry_georeplication_location_1":{"references":["var.azure_container_registry_georeplication_location_1"]},"azure_container_registry_georeplication_zone_redundancy_enabled_1":{"references":["var.azure_container_registry_georeplication_zone_redundancy_enabled_1"]},"azure_container_registry_name":{"references":["var.azure_container_registry_name"]},"azure_container_registry_sku":{"references":["var.azure_container_registry_sku"]},"azure_resource_group_location":{"references":["var.azure_resource_group_location"]},"azure_resource_group_name":{"references":["var.azure_resource_group_name"]},"tags":{"references":["local.tags","var.env","var.project"]}},"module":{"resources":[{"address":"azurerm_container_registry.coe_azure_container_registry","mode":"managed","type":"azurerm_container_registry","name":"coe_azure_container_registry","provider_config_key":"azure_container_registry:azurerm","expressions":{"admin_enabled":{"references":["var.azure_container_registry_admin_enabled"]},"georeplications":[{"location":{"references":["var.azure_container_registry_georeplication_location_1"]},"tags":{"references":["var.tags"]},"zone_redundancy_enabled":{"references":["var.azure_container_registry_georeplication_zone_redundancy_enabled_1"]}}],"location":{"references":["var.azure_resource_group_location"]},"name":{"references":["var.azure_container_registry_name"]},"resource_group_name":{"references":["var.azure_resource_group_name"]},"sku":{"references":["var.azure_container_registry_sku"]}},"schema_version":2}],"variables":{"azure_container_registry_admin_enabled":{"description":"value"},"azure_container_registry_georeplication_location_1":{"description":"value"},"azure_container_registry_georeplication_zone_redundancy_enabled_1":{"description":"value"},"azure_container_registry_name":{"description":"value"},"azure_container_registry_sku":{"description":"value"},"azure_resource_group_location":{"description":"value"},"azure_resource_group_name":{"description":"value"},"tags":{"default":{},"description":"Tags to assign to the bucket."}}}},"azure_cosmosdb":{"source":"./modules/azure_cosmosdb","expressions":{"azure_cosmosdb_account_capabilities_name_1":{"references":["var.azure_cosmosdb_account_capabilities_name_1"]},"azure_cosmosdb_account_capabilities_name_2":{"references":["var.azure_cosmosdb_account_capabilities_name_2"]},"azure_cosmosdb_account_capabilities_name_3":{"references":["var.azure_cosmosdb_account_capabilities_name_3"]},"azure_cosmosdb_account_capabilities_name_4":{"references":["var.azure_cosmosdb_account_capabilities_name_4"]},"azure_cosmosdb_account_consistency_level":{"references":["var.azure_cosmosdb_account_consistency_level"]},"azure_cosmosdb_account_enable_automatic_failover":{"references":["var.azure_cosmosdb_account_enable_automatic_failover"]},"azure_cosmosdb_account_geo_location_failover_priority_1":{"references":["var.azure_cosmosdb_account_geo_location_failover_priority_1"]},"azure_cosmosdb_account_geo_location_failover_priority_2":{"references":["var.azure_cosmosdb_account_geo_location_failover_priority_2"]},"azure_cosmosdb_account_geo_location_location_1":{"references":["var.azure_cosmosdb_account_geo_location_location_1"]},"azure_cosmosdb_account_geo_location_location_2":{"references":["var.azure_cosmosdb_account_geo_location_location_2"]},"azure_cosmosdb_account_kind":{"references":["var.azure_cosmosdb_account_kind"]},"azure_cosmosdb_account_max_interval_in_seconds":{"references":["var.azure_cosmosdb_account_max_interval_in_seconds"]},"azure_cosmosdb_account_max_staleness_prefix":{"references":["var.azure_cosmosdb_account_max_staleness_prefix"]},"azure_cosmosdb_account_name":{"references":["var.azure_cosmosdb_account_name"]},"azure_cosmosdb_account_offer_type":{"references":["var.azure_cosmosdb_account_offer_type"]},"azure_resource_group_location":{"references":["var.azure_resource_group_location"]},"azure_resource_group_name":{"references":["var.azure_resource_group_name"]},"tags":{"references":["local.tags","var.env","var.project"]}},"module":{"outputs":{"azure_cosmosdb_account_name":{"expression":{"references":["azurerm_cosmosdb_account.coe_azure_cosmosdb_account.id","azurerm_cosmosdb_account.coe_azure_cosmosdb_account"]}}},"resources":[{"address":"azurerm_cosmosdb_account.coe_azure_cosmosdb_account","mode":"managed","type":"azurerm_cosmosdb_account","name":"coe_azure_cosmosdb_account","provider_config_key":"azure_cosmosdb:azurerm","expressions":{"capabilities":[{"name":{"references":["var.azure_cosmosdb_account_capabilities_name_1"]}},{"name":{"references":["var.azure_cosmosdb_account_capabilities_name_2"]}},{"name":{"references":["var.azure_cosmosdb_account_capabilities_name_3"]}},{"name":{"references":["var.azure_cosmosdb_account_capabilities_name_4"]}}],"consistency_policy":[{"consistency_level":{"references":["var.azure_cosmosdb_account_consistency_level"]},"max_interval_in_seconds":{"references":["var.azure_cosmosdb_account_max_interval_in_seconds"]},"max_staleness_prefix":{"references":["var.azure_cosmosdb_account_max_staleness_prefix"]}}],"enable_automatic_failover":{"references":["var.azure_cosmosdb_account_enable_automatic_failover"]},"geo_location":[{"failover_priority":{"references":["var.azure_cosmosdb_account_geo_location_failover_priority_1"]},"location":{"references":["var.azure_cosmosdb_account_geo_location_location_1"]}},{"failover_priority":{"references":["var.azure_cosmosdb_account_geo_location_failover_priority_2"]},"location":{"references":["var.azure_cosmosdb_account_geo_location_location_2"]}}],"kind":{"references":["var.azure_cosmosdb_account_kind"]},"location":{"references":["var.azure_resource_group_location"]},"name":{"references":["var.azure_cosmosdb_account_name"]},"offer_type":{"references":["var.azure_cosmosdb_account_offer_type"]},"resource_group_name":{"references":["var.azure_resource_group_name"]},"tags":{"references":["var.tags"]}},"schema_version":0}],"variables":{"azure_cosmosdb_account_capabilities_name_1":{"description":"(Required) The capability to enable - Possible values are AllowSelfServeUpgradeToMongo36, DisableRateLimitingResponses, EnableAggregationPipeline, EnableCassandra, EnableGremlin, EnableMongo, EnableMongo16MBDocumentSupport, EnableMongoRetryableWrites, EnableMongoRoleBasedAccessControl, EnableServerless, EnableTable, EnableUniqueCompoundNestedDocs, MongoDBv3.4 and mongoEnableDocLevelTTL."},"azure_cosmosdb_account_capabilities_name_2":{"description":"(Required) The capability to enable - Possible values are AllowSelfServeUpgradeToMongo36, DisableRateLimitingResponses, EnableAggregationPipeline, EnableCassandra, EnableGremlin, EnableMongo, EnableMongo16MBDocumentSupport, EnableMongoRetryableWrites, EnableMongoRoleBasedAccessControl, EnableServerless, EnableTable, EnableUniqueCompoundNestedDocs, MongoDBv3.4 and mongoEnableDocLevelTTL."},"azure_cosmosdb_account_capabilities_name_3":{"description":"(Required) The capability to enable - Possible values are AllowSelfServeUpgradeToMongo36, DisableRateLimitingResponses, EnableAggregationPipeline, EnableCassandra, EnableGremlin, EnableMongo, EnableMongo16MBDocumentSupport, EnableMongoRetryableWrites, EnableMongoRoleBasedAccessControl, EnableServerless, EnableTable, EnableUniqueCompoundNestedDocs, MongoDBv3.4 and mongoEnableDocLevelTTL."},"azure_cosmosdb_account_capabilities_name_4":{"description":"(Required) The capability to enable - Possible values are AllowSelfServeUpgradeToMongo36, DisableRateLimitingResponses, EnableAggregationPipeline, EnableCassandra, EnableGremlin, EnableMongo, EnableMongo16MBDocumentSupport, EnableMongoRetryableWrites, EnableMongoRoleBasedAccessControl, EnableServerless, EnableTable, EnableUniqueCompoundNestedDocs, MongoDBv3.4 and mongoEnableDocLevelTTL."},"azure_cosmosdb_account_consistency_level":{"description":"(Required) The Consistency Level to use for this CosmosDB Account - can be either BoundedStaleness, Eventual, Session, Strong or ConsistentPrefix."},"azure_cosmosdb_account_enable_automatic_failover":{"description":"(Optional) Enable automatic failover for this Cosmos DB account."},"azure_cosmosdb_account_geo_location_failover_priority_1":{"description":"(Required) The failover priority of the region. A failover priority of 0 indicates a write region. The maximum value for a failover priority = (total number of regions - 1). Failover priority values must be unique for each of the regions in which the database account exists. Changing this causes the location to be re-provisioned and cannot be changed for the location with failover priority 0."},"azure_cosmosdb_account_geo_location_failover_priority_2":{"description":"(Required) The failover priority of the region. A failover priority of 0 indicates a write region. The maximum value for a failover priority = (total number of regions - 1). Failover priority values must be unique for each of the regions in which the database account exists. Changing this causes the location to be re-provisioned and cannot be changed for the location with failover priority 0."},"azure_cosmosdb_account_geo_location_location_1":{"description":"(Required) The name of the Azure region to host replicated data."},"azure_cosmosdb_account_geo_location_location_2":{"description":"(Required) The name of the Azure region to host replicated data."},"azure_cosmosdb_account_kind":{"description":"(Optional) Specifies the Kind of CosmosDB to create - possible values are GlobalDocumentDB, MongoDB and Parse. Defaults to GlobalDocumentDB. Changing this forces a new resource to be created."},"azure_cosmosdb_account_max_interval_in_seconds":{"description":"(Optional) When used with the Bounded Staleness consistency level, this value represents the time amount of staleness (in seconds) tolerated. The accepted range for this value is 5 - 86400 (1 day). Defaults to 5. Required when consistency_level is set to BoundedStaleness."},"azure_cosmosdb_account_max_staleness_prefix":{"description":"(Optional) When used with the Bounded Staleness consistency level, this value represents the number of stale requests tolerated. The accepted range for this value is 10 – 2147483647. Defaults to 100. Required when consistency_level is set to BoundedStaleness."},"azure_cosmosdb_account_name":{"description":"(Required) Specifies the name of the CosmosDB Account. Changing this forces a new resource to be created."},"azure_cosmosdb_account_offer_type":{"description":"(Required) Specifies the Offer Type to use for this CosmosDB Account; currently, this can only be set to Standard."},"azure_resource_group_location":{"description":"value"},"azure_resource_group_name":{"description":"value"},"tags":{"default":{},"description":"Tags to assign to the bucket."}}}},"azure_key_vault":{"source":"./modules/azure_key_vault","expressions":{"azure_key_vault_access_policy_key_permissions":{"references":["var.azure_key_vault_access_policy_key_permissions"]},"azure_key_vault_access_policy_secret_permissions":{"references":["var.azure_key_vault_access_policy_secret_permissions"]},"azure_key_vault_access_policy_storage_permissions":{"references":["var.azure_key_vault_access_policy_storage_permissions"]},"azure_key_vault_enabled_for_disk_encryption":{"references":["var.azure_key_vault_enabled_for_disk_encryption"]},"azure_key_vault_name":{"references":["var.azure_key_vault_name"]},"azure_key_vault_purge_protection_enabled":{"references":["var.azure_key_vault_purge_protection_enabled"]},"azure_key_vault_sku_name":{"references":["var.azure_key_vault_sku_name"]},"azure_key_vault_soft_delete_retention_days":{"references":["var.azure_key_vault_soft_delete_retention_days"]},"azure_resource_group_location":{"references":["var.azure_resource_group_location"]},"azure_resource_group_name":{"references":["var.azure_resource_group_name"]},"tags":{"references":["local.tags","var.env","var.project"]}},"module":{"resources":[{"address":"azurerm_key_vault.coe_azure_key_vault","mode":"managed","type":"azurerm_key_vault","name":"coe_azure_key_vault","provider_config_key":"azure_key_vault:azurerm","expressions":{"access_policy":{"references":["data.azurerm_client_config.current.tenant_id","data.azurerm_client_config.current","var.azure_key_vault_access_policy_key_permissions","data.azurerm_client_config.current.object_id","data.azurerm_client_config.current","var.azure_key_vault_access_policy_secret_permissions","var.azure_key_vault_access_policy_storage_permissions"]},"enabled_for_disk_encryption":{"references":["var.azure_key_vault_enabled_for_disk_encryption"]},"location":{"references":["var.azure_resource_group_location"]},"name":{"references":["var.azure_key_vault_name"]},"purge_protection_enabled":{"references":["var.azure_key_vault_purge_protection_enabled"]},"resource_group_name":{"references":["var.azure_resource_group_name"]},"sku_name":{"references":["var.azure_key_vault_sku_name"]},"soft_delete_retention_days":{"references":["var.azure_key_vault_soft_delete_retention_days"]},"tags":{"references":["var.tags"]},"tenant_id":{"references":["data.azurerm_client_config.current.tenant_id","data.azurerm_client_config.current"]}},"schema_version":2},{"address":"data.azurerm_client_config.current","mode":"data","type":"azurerm_client_config","name":"current","provider_config_key":"azure_key_vault:azurerm","schema_version":0}],"variables":{"azure_key_vault_access_policy_key_permissions":{"description":"value"},"azure_key_vault_access_policy_secret_permissions":{"description":"value"},"azure_key_vault_access_policy_storage_permissions":{"description":"value"},"azure_key_vault_enabled_for_disk_encryption":{"description":"value"},"azure_key_vault_name":{"description":"value"},"azure_key_vault_purge_protection_enabled":{"description":"value"},"azure_key_vault_sku_name":{"description":"value"},"azure_key_vault_soft_delete_retention_days":{"description":"value"},"azure_resource_group_location":{"description":"value"},"azure_resource_group_name":{"description":"value"},"tags":{"default":{},"description":"Tags to assign to the bucket."}}}},"azure_kubernetes":{"source":"./modules/azure_kubernetes","expressions":{"azure_kubernetes_cluster_default_node_pool_enable_auto_scaling":{"references":["var.azure_kubernetes_cluster_default_node_pool_enable_auto_scaling"]},"azure_kubernetes_cluster_default_node_pool_max_count":{"references":["var.azure_kubernetes_cluster_default_node_pool_max_count"]},"azure_kubernetes_cluster_default_node_pool_min_count":{"references":["var.azure_kubernetes_cluster_default_node_pool_min_count"]},"azure_kubernetes_cluster_default_node_pool_name":{"references":["var.azure_kubernetes_cluster_default_node_pool_name"]},"azure_kubernetes_cluster_default_node_pool_node_count":{"references":["var.azure_kubernetes_cluster_default_node_pool_node_count"]},"azure_kubernetes_cluster_default_node_pool_type":{"references":["var.azure_kubernetes_cluster_default_node_pool_type"]},"azure_kubernetes_cluster_default_node_pool_vm_size":{"references":["var.azure_kubernetes_cluster_default_node_pool_vm_size"]},"azure_kubernetes_cluster_default_node_pool_vnet_subnet_id":{"references":["module.azure_networking.private_subnet_id","module.azure_networking"]},"azure_kubernetes_cluster_dns_prefix":{"references":["var.azure_kubernetes_cluster_dns_prefix"]},"azure_kubernetes_cluster_identity_type":{"references":["var.azure_kubernetes_cluster_identity_type"]},"azure_kubernetes_cluster_name":{"references":["var.azure_kubernetes_cluster_name"]},"azure_kubernetes_cluster_private_cluster_enabled":{"references":["var.azure_kubernetes_cluster_private_cluster_enabled"]},"azure_kubernetes_private_dns_zone_name":{"references":["var.azure_kubernetes_private_dns_zone_name"]},"azure_kubernetes_role_assignment_role_definition_name":{"references":["var.azure_kubernetes_role_assignment_role_definition_name"]},"azure_kubernetes_user_assigned_identity_name":{"references":["var.azure_kubernetes_user_assigned_identity_name"]},"azure_resource_group_location":{"references":["var.azure_resource_group_location"]},"azure_resource_group_name":{"references":["var.azure_resource_group_name"]},"tags":{"references":["local.tags","var.env","var.project"]}},"module":{"outputs":{"client_certificate":{"sensitive":true,"expression":{"references":["azurerm_kubernetes_cluster.coe_azure_kubernetes_cluster.kube_config[0].client_certificate","azurerm_kubernetes_cluster.coe_azure_kubernetes_cluster.kube_config[0]","azurerm_kubernetes_cluster.coe_azure_kubernetes_cluster.kube_config","azurerm_kubernetes_cluster.coe_azure_kubernetes_cluster"]}},"kube_config":{"sensitive":true,"expression":{"references":["azurerm_kubernetes_cluster.coe_azure_kubernetes_cluster.kube_config_raw","azurerm_kubernetes_cluster.coe_azure_kubernetes_cluster"]}}},"resources":[{"address":"azurerm_kubernetes_cluster.coe_azure_kubernetes_cluster","mode":"managed","type":"azurerm_kubernetes_cluster","name":"coe_azure_kubernetes_cluster","provider_config_key":"azure_kubernetes:azurerm","expressions":{"default_node_pool":[{"enable_auto_scaling":{"references":["var.azure_kubernetes_cluster_default_node_pool_enable_auto_scaling"]},"max_count":{"references":["var.azure_kubernetes_cluster_default_node_pool_max_count"]},"min_count":{"references":["var.azure_kubernetes_cluster_default_node_pool_min_count"]},"name":{"references":["var.azure_kubernetes_cluster_default_node_pool_name"]},"node_count":{"references":["var.azure_kubernetes_cluster_default_node_pool_node_count"]},"type":{"references":["var.azure_kubernetes_cluster_default_node_pool_type"]},"vm_size":{"references":["var.azure_kubernetes_cluster_default_node_pool_vm_size"]},"vnet_subnet_id":{"references":["var.azure_kubernetes_cluster_default_node_pool_vnet_subnet_id"]}}],"dns_prefix":{"references":["var.azure_kubernetes_cluster_dns_prefix"]},"identity":[{"type":{"references":["var.azure_kubernetes_cluster_identity_type"]}}],"location":{"references":["var.azure_resource_group_location"]},"name":{"references":["var.azure_kubernetes_cluster_name"]},"private_cluster_enabled":{"references":["var.azure_kubernetes_cluster_private_cluster_enabled"]},"private_dns_zone_id":{"references":["azurerm_private_dns_zone.coe_azure_kubernetes_private_dns_zone.id","azurerm_private_dns_zone.coe_azure_kubernetes_private_dns_zone"]},"resource_group_name":{"references":["var.azure_resource_group_name"]},"tags":{"references":["var.tags"]}},"schema_version":2},{"address":"azurerm_private_dns_zone.coe_azure_kubernetes_private_dns_zone","mode":"managed","type":"azurerm_private_dns_zone","name":"coe_azure_kubernetes_private_dns_zone","provider_config_key":"azure_kubernetes:azurerm","expressions":{"name":{"references":["var.azure_kubernetes_private_dns_zone_name"]},"resource_group_name":{"references":["var.azure_resource_group_name"]}},"schema_version":0},{"address":"azurerm_role_assignment.coe_azure_kubernetes_role_assignment","mode":"managed","type":"azurerm_role_assignment","name":"coe_azure_kubernetes_role_assignment","provider_config_key":"azure_kubernetes:azurerm","expressions":{"principal_id":{"references":["azurerm_user_assigned_identity.coe_azure_kubernetes_user_assigned_identity.id","azurerm_user_assigned_identity.coe_azure_kubernetes_user_assigned_identity"]},"role_definition_name":{"references":["var.azure_kubernetes_role_assignment_role_definition_name"]},"scope":{"references":["azurerm_private_dns_zone.coe_azure_kubernetes_private_dns_zone.id","azurerm_private_dns_zone.coe_azure_kubernetes_private_dns_zone"]}},"schema_version":0},{"address":"azurerm_user_assigned_identity.coe_azure_kubernetes_user_assigned_identity","mode":"managed","type":"azurerm_user_assigned_identity","name":"coe_azure_kubernetes_user_assigned_identity","provider_config_key":"azure_kubernetes:azurerm","expressions":{"location":{"references":["var.azure_resource_group_location"]},"name":{"references":["var.azure_kubernetes_user_assigned_identity_name"]},"resource_group_name":{"references":["var.azure_resource_group_name"]}},"schema_version":1}],"variables":{"azure_kubernetes_cluster_default_node_pool_enable_auto_scaling":{"description":"(Optional) Should the Kubernetes Auto Scaler be enabled for this Node Pool?"},"azure_kubernetes_cluster_default_node_pool_max_count":{"description":"(Optional) The maximum number of nodes which should exist in this Node Pool. If specified this must be between 1 and 1000."},"azure_kubernetes_cluster_default_node_pool_min_count":{"description":"(Optional) The minimum number of nodes which should exist in this Node Pool. If specified this must be between 1 and 1000."},"azure_kubernetes_cluster_default_node_pool_name":{"description":"(Required) The name which should be used for the default Kubernetes Node Pool. Changing this forces a new resource to be created."},"azure_kubernetes_cluster_default_node_pool_node_count":{"description":"(Optional) The initial number of nodes which should exist in this Node Pool. If specified this must be between 1 and 1000 and between min_count and max_count."},"azure_kubernetes_cluster_default_node_pool_type":{"description":"(Optional) The type of Node Pool which should be created. Possible values are AvailabilitySet and VirtualMachineScaleSets. Defaults to VirtualMachineScaleSets. Changing this forces a new resource to be created."},"azure_kubernetes_cluster_default_node_pool_vm_size":{"description":"(Required) The size of the Virtual Machine, such as Standard_DS2_v2. Changing this forces a new resource to be created."},"azure_kubernetes_cluster_default_node_pool_vnet_subnet_id":{"description":"The ID of a Subnet where the Kubernetes Node Pool should exist. Changing this forces a new resource to be created."},"azure_kubernetes_cluster_dns_prefix":{"description":"(Optional) DNS prefix specified when creating the managed cluster. Changing this forces a new resource to be created."},"azure_kubernetes_cluster_identity_type":{"description":"(Required) Specifies the type of Managed Service Identity that should be configured on this Kubernetes Cluster. Possible values are SystemAssigned or UserAssigned."},"azure_kubernetes_cluster_name":{"description":"(Required) The name of the Managed Kubernetes Cluster to create. Changing this forces a new resource to be created."},"azure_kubernetes_cluster_private_cluster_enabled":{"description":"(Optional) Should this Kubernetes Cluster have its API server only exposed on internal IP addresses? This provides a Private IP Address for the Kubernetes API on the Virtual Network where the Kubernetes Cluster is located. Defaults to false. Changing this forces a new resource to be created."},"azure_kubernetes_private_dns_zone_name":{"description":"(Required) azure_kubernetes_private_dns_zone_name"},"azure_kubernetes_role_assignment_role_definition_name":{"description":"(Required) azure_kubernetes_role_assignment_role_definition_name"},"azure_kubernetes_user_assigned_identity_name":{"description":"(Required) azure_kubernetes_user_assigned_identity_name"},"azure_resource_group_location":{"description":"(Required) Specifies the supported Azure location where the resource exists. Changing this forces a new resource to be created."},"azure_resource_group_name":{"description":"(Required) The name of the resource group in which to create the storage account. Changing this forces a new resource to be created."},"tags":{"default":{},"description":"Tags to assign to the bucket."}}},"depends_on":["module.azure_networking"]},"azure_networking":{"source":"./modules/azure_networking","expressions":{"azure_nat_gateway_idle_timeout_in_minutes":{"references":["var.azure_nat_gateway_idle_timeout_in_minutes"]},"azure_nat_gateway_name":{"references":["var.azure_nat_gateway_name"]},"azure_nat_gateway_sku_name":{"references":["var.azure_nat_gateway_sku_name"]},"azure_public_ip_name":{"references":["var.azure_public_ip_name"]},"azure_public_ip_name_allocation_method":{"references":["var.azure_public_ip_name_allocation_method"]},"azure_public_ip_prefix_length":{"references":["var.azure_public_ip_prefix_length"]},"azure_public_ip_prefix_name":{"references":["var.azure_public_ip_prefix_name"]},"azure_public_ip_sku":{"references":["var.azure_public_ip_sku"]},"azure_public_ip_sku_tier":{"references":["var.azure_public_ip_sku_tier"]},"azure_resource_group_location":{"references":["var.azure_resource_group_location"]},"azure_resource_group_name":{"references":["var.azure_resource_group_name"]},"azure_vnet_address_space":{"references":["var.azure_vnet_address_space"]},"azure_vnet_dns_servers":{"references":["var.azure_vnet_dns_servers"]},"azure_vnet_name":{"references":["var.azure_vnet_name"]},"azure_vnet_private_subnet_address_prefixes":{"references":["var.azure_vnet_private_subnet_address_prefixes"]},"azure_vnet_private_subnet_name":{"references":["var.azure_vnet_private_subnet_name"]},"azure_vnet_private_subnet_security_group":{"references":["module.azure_security_group.nsg_id","module.azure_security_group"]},"azure_vnet_public_subnet_address_prefixes":{"references":["var.azure_vnet_public_subnet_address_prefixes"]},"azure_vnet_public_subnet_name":{"references":["var.azure_vnet_public_subnet_name"]},"tags":{"references":["local.tags","var.env","var.project"]}},"module":{"outputs":{"private_subnet_id":{"expression":{"references":["azurerm_subnet.coe_azure_private_subnet.id","azurerm_subnet.coe_azure_private_subnet"]},"description":"Vnet private subnet id"},"vnet_address_space":{"expression":{"references":["azurerm_virtual_network.coe_azure_vnet.address_space","azurerm_virtual_network.coe_azure_vnet"]},"description":"(Required) The list of address spaces used by the virtual network."},"vnet_id":{"expression":{"references":["azurerm_virtual_network.coe_azure_vnet.id","azurerm_virtual_network.coe_azure_vnet"]},"description":"Id Vnet"},"vnet_name":{"expression":{"references":["azurerm_virtual_network.coe_azure_vnet.name","azurerm_virtual_network.coe_azure_vnet"]},"description":"(Required) The name of the virtual network. Changing this forces a new resource to be created"}},"resources":[{"address":"azurerm_nat_gateway.coe_azure_nat_gateway","mode":"managed","type":"azurerm_nat_gateway","name":"coe_azure_nat_gateway","provider_config_key":"azure_networking:azurerm","expressions":{"idle_timeout_in_minutes":{"references":["var.azure_nat_gateway_idle_timeout_in_minutes"]},"location":{"references":["var.azure_resource_group_location"]},"name":{"references":["var.azure_nat_gateway_name"]},"resource_group_name":{"references":["var.azure_resource_group_name"]},"sku_name":{"references":["var.azure_nat_gateway_sku_name"]},"tags":{"references":["var.tags"]}},"schema_version":0},{"address":"azurerm_nat_gateway_public_ip_association.coe_azure_nat_gateway_with_public_ip_association","mode":"managed","type":"azurerm_nat_gateway_public_ip_association","name":"coe_azure_nat_gateway_with_public_ip_association","provider_config_key":"azure_networking:azurerm","expressions":{"nat_gateway_id":{"references":["azurerm_nat_gateway.coe_azure_nat_gateway.id","azurerm_nat_gateway.coe_azure_nat_gateway"]},"public_ip_address_id":{"references":["azurerm_public_ip.coe_azure_public_ip.id","azurerm_public_ip.coe_azure_public_ip"]}},"schema_version":0},{"address":"azurerm_public_ip.coe_azure_public_ip","mode":"managed","type":"azurerm_public_ip","name":"coe_azure_public_ip","provider_config_key":"azure_networking:azurerm","expressions":{"allocation_method":{"references":["var.azure_public_ip_name_allocation_method"]},"location":{"references":["var.azure_resource_group_location"]},"name":{"references":["var.azure_public_ip_name"]},"resource_group_name":{"references":["var.azure_resource_group_name"]},"sku":{"references":["var.azure_public_ip_sku"]},"sku_tier":{"references":["var.azure_public_ip_sku_tier"]},"tags":{"references":["var.tags"]}},"schema_version":0},{"address":"azurerm_public_ip_prefix.coe_azure_public_ip_prefix","mode":"managed","type":"azurerm_public_ip_prefix","name":"coe_azure_public_ip_prefix","provider_config_key":"azure_networking:azurerm","expressions":{"location":{"references":["var.azure_resource_group_location"]},"name":{"references":["var.azure_public_ip_prefix_name"]},"prefix_length":{"references":["var.azure_public_ip_prefix_length"]},"resource_group_name":{"references":["var.azure_resource_group_name"]},"tags":{"references":["var.tags"]}},"schema_version":0},{"address":"azurerm_subnet.coe_azure_private_subnet","mode":"managed","type":"azurerm_subnet","name":"coe_azure_private_subnet","provider_config_key":"azure_networking:azurerm","expressions":{"address_prefixes":{"references":["var.azure_vnet_private_subnet_address_prefixes"]},"name":{"references":["var.azure_vnet_private_subnet_name"]},"resource_group_name":{"references":["var.azure_resource_group_name"]},"virtual_network_name":{"references":["azurerm_virtual_network.coe_azure_vnet.name","azurerm_virtual_network.coe_azure_vnet"]}},"schema_version":0},{"address":"azurerm_subnet.coe_azure_public_subnet","mode":"managed","type":"azurerm_subnet","name":"coe_azure_public_subnet","provider_config_key":"azure_networking:azurerm","expressions":{"address_prefixes":{"references":["var.azure_vnet_public_subnet_address_prefixes"]},"name":{"references":["var.azure_vnet_public_subnet_name"]},"resource_group_name":{"references":["var.azure_resource_group_name"]},"virtual_network_name":{"references":["azurerm_virtual_network.coe_azure_vnet.name","azurerm_virtual_network.coe_azure_vnet"]}},"schema_version":0},{"address":"azurerm_subnet_nat_gateway_association.coe_azure_nat_gateway_with_subnet_association","mode":"managed","type":"azurerm_subnet_nat_gateway_association","name":"coe_azure_nat_gateway_with_subnet_association","provider_config_key":"azure_networking:azurerm","expressions":{"nat_gateway_id":{"references":["azurerm_nat_gateway.coe_azure_nat_gateway.id","azurerm_nat_gateway.coe_azure_nat_gateway"]},"subnet_id":{"references":["azurerm_subnet.coe_azure_public_subnet.id","azurerm_subnet.coe_azure_public_subnet"]}},"schema_version":0},{"address":"azurerm_subnet_network_security_group_association.coe_azure_subnet_network_security_group_association","mode":"managed","type":"azurerm_subnet_network_security_group_association","name":"coe_azure_subnet_network_security_group_association","provider_config_key":"azure_networking:azurerm","expressions":{"network_security_group_id":{"references":["var.azure_vnet_private_subnet_security_group"]},"subnet_id":{"references":["azurerm_subnet.coe_azure_private_subnet.id","azurerm_subnet.coe_azure_private_subnet"]}},"schema_version":0},{"address":"azurerm_virtual_network.coe_azure_vnet","mode":"managed","type":"azurerm_virtual_network","name":"coe_azure_vnet","provider_config_key":"azure_networking:azurerm","expressions":{"address_space":{"references":["var.azure_vnet_address_space"]},"dns_servers":{"references":["var.azure_vnet_dns_servers"]},"location":{"references":["var.azure_resource_group_location"]},"name":{"references":["var.azure_vnet_name"]},"resource_group_name":{"references":["var.azure_resource_group_name"]},"tags":{"references":["var.tags"]}},"schema_version":0}],"variables":{"azure_nat_gateway_idle_timeout_in_minutes":{"description":"(Optional) The idle timeout which should be used in minutes. Defaults to 4."},"azure_nat_gateway_name":{"description":"(Required) Specifies the name of the NAT Gateway. Changing this forces a new resource to be created."},"azure_nat_gateway_sku_name":{"description":"(Optional) The SKU which should be used. At this time the only supported value is Standard. Defaults to Standard."},"azure_public_ip_name":{"description":"(Required) Specifies the name of the Public IP. Changing this forces a new Public IP to be created."},"azure_public_ip_name_allocation_method":{"description":"(Required) Defines the allocation method for this IP address. Possible values are Static or Dynamic."},"azure_public_ip_prefix_length":{"description":"(Required) Specifies the name of the Public IP Prefix resource . Changing this forces a new resource to be created."},"azure_public_ip_prefix_name":{"description":"(Required) Specifies the name of the Public IP Prefix resource . Changing this forces a new resource to be created."},"azure_public_ip_sku":{"description":"(Optional) The SKU of the Public IP. Accepted values are Basic and Standard. Defaults to Basic. Changing this forces a new resource to be created."},"azure_public_ip_sku_tier":{"description":"(Optional) The SKU Tier that should be used for the Public IP. Possible values are Regional and Global. Defaults to Regional. Changing this forces a new resource to be created."},"azure_resource_group_location":{"description":"(Required) The location/region where the virtual network is created. Changing this forces a new resource to be created."},"azure_resource_group_name":{"description":"(Required) The name of the resource group in which to create the virtual network. Changing this forces a new resource to be created."},"azure_vnet_address_space":{"description":"(Required) The address space that is used the virtual network. You can supply more than one address space."},"azure_vnet_dns_servers":{"description":"(Optional) List of IP addresses of DNS servers"},"azure_vnet_name":{"description":"(Required) The name of the virtual network. Changing this forces a new resource to be created."},"azure_vnet_private_subnet_address_prefixes":{"description":"(Required) The address prefix to use for the subnet."},"azure_vnet_private_subnet_name":{"description":"(Required) The name of the subnet."},"azure_vnet_private_subnet_security_group":{"description":"(Optional) The Network Security Group to associate with the subnet. (Referenced by id, ie. azurerm_network_security_group.example.id)"},"azure_vnet_public_subnet_address_prefixes":{"description":"(Required) The address prefix to use for the subnet."},"azure_vnet_public_subnet_name":{"description":"(Required) The name of the subnet."},"tags":{"default":{},"description":"Tags to assign to the bucket."}}},"depends_on":["module.azure_security_group"]},"azure_security_group":{"source":"./modules/azure_security_group","expressions":{"azure_network_security_group_name":{"references":["var.azure_network_security_group_name"]},"azure_network_security_group_name_nsg_rules_inbound":{"references":["var.azure_network_security_group_name_nsg_rules_inbound"]},"azure_network_security_group_name_nsg_rules_outbound":{"references":["var.azure_network_security_group_name_nsg_rules_outbound"]},"azure_resource_group_location":{"references":["var.azure_resource_group_location"]},"azure_resource_group_name":{"references":["var.azure_resource_group_name"]},"tags":{"references":["local.tags","var.env","var.project"]}},"module":{"outputs":{"nsg_id":{"expression":{"references":["azurerm_network_security_group.network_security_group.id","azurerm_network_security_group.network_security_group"]},"description":"The value of the NSG ID"}},"resources":[{"address":"azurerm_network_security_group.network_security_group","mode":"managed","type":"azurerm_network_security_group","name":"network_security_group","provider_config_key":"azure_security_group:azurerm","expressions":{"location":{"references":["var.azure_resource_group_location"]},"name":{"references":["var.azure_network_security_group_name"]},"resource_group_name":{"references":["var.azure_resource_group_name"]},"tags":{"references":["var.tags"]}},"schema_version":0}],"variables":{"azure_network_security_group_name":{"description":"Name of the Network Security Group"},"azure_network_security_group_name_nsg_rules_inbound":{"description":"The values for each NSG rule inbound"},"azure_network_security_group_name_nsg_rules_outbound":{"description":"The values for each NSG rule outbound"},"azure_resource_group_location":{"description":"value"},"azure_resource_group_name":{"description":"value"},"tags":{"default":{},"description":"Tags to assign to the bucket."}}}},"azure_storage_account":{"source":"./modules/azure_storage_account","expressions":{"azure_resource_group_location":{"references":["var.azure_resource_group_location"]},"azure_resource_group_name":{"references":["var.azure_resource_group_name"]},"azure_storage_access_tier":{"references":["var.azure_storage_access_tier"]},"azure_storage_account_account_kind":{"references":["var.azure_storage_account_account_kind"]},"azure_storage_account_blob_properties_delete_retention_policy_days":{"references":["var.azure_storage_account_blob_properties_delete_retention_policy_days"]},"azure_storage_account_blob_properties_versioning_enabled":{"references":["var.azure_storage_account_blob_properties_versioning_enabled"]},"azure_storage_account_enable_https_traffic_only":{"references":["var.azure_storage_account_enable_https_traffic_only"]},"azure_storage_account_min_tls_version":{"references":["var.azure_storage_account_min_tls_version"]},"azure_storage_account_name":{"references":["var.azure_storage_account_name"]},"azure_storage_account_network_rules_default_action":{"references":["var.azure_storage_account_network_rules_default_action"]},"azure_storage_account_network_rules_ip_rules":{"references":["var.azure_storage_account_network_rules_ip_rules"]},"azure_storage_account_replication_type":{"references":["var.azure_storage_account_replication_type"]},"azure_storage_account_tier":{"references":["var.azure_storage_account_tier"]},"tags":{"references":["local.tags","var.env","var.project"]}},"module":{"outputs":{"storage_account_id":{"expression":{"references":["azurerm_storage_account.coe_azure_storage_account.id","azurerm_storage_account.coe_azure_storage_account"]},"description":"The ID of the storage account."},"storage_account_location":{"expression":{"references":["azurerm_storage_account.coe_azure_storage_account.location","azurerm_storage_account.coe_azure_storage_account"]},"description":"The primary location of the storage account."},"storage_account_name":{"expression":{"references":["azurerm_storage_account.coe_azure_storage_account.name","azurerm_storage_account.coe_azure_storage_account"]},"description":"The primary location of the storage account."}},"resources":[{"address":"azurerm_storage_account.coe_azure_storage_account","mode":"managed","type":"azurerm_storage_account","name":"coe_azure_storage_account","provider_config_key":"azure_storage_account:azurerm","expressions":{"access_tier":{"references":["var.azure_storage_access_tier"]},"account_kind":{"references":["var.azure_storage_account_account_kind"]},"account_replication_type":{"references":["var.azure_storage_account_replication_type"]},"account_tier":{"references":["var.azure_storage_account_tier"]},"blob_properties":[{"delete_retention_policy":[{"days":{"references":["var.azure_storage_account_blob_properties_delete_retention_policy_days"]}}],"versioning_enabled":{"references":["var.azure_storage_account_blob_properties_versioning_enabled"]}}],"enable_https_traffic_only":{"references":["var.azure_storage_account_enable_https_traffic_only"]},"location":{"references":["var.azure_resource_group_location"]},"min_tls_version":{"references":["var.azure_storage_account_min_tls_version"]},"name":{"references":["var.azure_storage_account_name"]},"network_rules":[{"default_action":{"references":["var.azure_storage_account_network_rules_default_action"]},"ip_rules":{"references":["var.azure_storage_account_network_rules_ip_rules"]}}],"resource_group_name":{"references":["var.azure_resource_group_name"]},"tags":{"references":["var.tags"]}},"schema_version":3}],"variables":{"azure_resource_group_location":{"description":"(Required) Specifies the supported Azure location where the resource exists. Changing this forces a new resource to be created."},"azure_resource_group_name":{"description":"(Required) The name of the resource group in which to create the storage account. Changing this forces a new resource to be created."},"azure_storage_access_tier":{"description":"(Optional) Defines the access tier for BlobStorage, FileStorage and StorageV2 accounts. Valid options are Hot and Cool, defaults to Hot."},"azure_storage_account_account_kind":{"description":"(Optional) Defines the Kind of account. Valid options are BlobStorage, BlockBlobStorage, FileStorage, Storage and StorageV2. Defaults to StorageV2."},"azure_storage_account_blob_properties_delete_retention_policy_days":{"description":"(Optional) Specifies the number of days that the blob should be retained, between 1 and 365 days. Defaults to 7."},"azure_storage_account_blob_properties_versioning_enabled":{"description":"(Optional) Is versioning enabled? Default to false."},"azure_storage_account_enable_https_traffic_only":{"description":"(Optional) Boolean flag which forces HTTPS if enabled, see here for more information. Defaults to true."},"azure_storage_account_min_tls_version":{"description":"(Optional) The minimum supported TLS version for the storage account. Possible values are TLS1_0, TLS1_1, and TLS1_2. Defaults to TLS1_2 for new storage accounts."},"azure_storage_account_name":{"description":"Name of the bucket"},"azure_storage_account_network_rules_default_action":{"description":"(Required) Specifies the default action of allow or deny when no other rules match. Valid options are Deny or Allow."},"azure_storage_account_network_rules_ip_rules":{"description":"(Required) Specifies the default action of allow or deny when no other rules match. Valid options are Deny or Allow."},"azure_storage_account_replication_type":{"description":"(Required) Defines the type of replication to use for this storage account. Valid options are LRS, GRS, RAGRS, ZRS, GZRS and RAGZRS. Changing this forces a new resource to be created when types LRS, GRS and RAGRS are changed to ZRS, GZRS or RAGZRS and vice versa."},"azure_storage_account_tier":{"description":"(Required) Defines the Tier to use for this storage account. Valid options are Standard and Premium. For BlockBlobStorage and FileStorage accounts only Premium is valid. Changing this forces a new resource to be created."},"tags":{"default":{},"description":"Tags to assign to the bucket."}}}}},"variables":{"azure_container_registry_admin_enabled":{},"azure_container_registry_georeplication_location_1":{},"azure_container_registry_georeplication_zone_redundancy_enabled_1":{},"azure_container_registry_name":{},"azure_container_registry_sku":{},"azure_cosmosdb_account_capabilities_name_1":{},"azure_cosmosdb_account_capabilities_name_2":{},"azure_cosmosdb_account_capabilities_name_3":{},"azure_cosmosdb_account_capabilities_name_4":{},"azure_cosmosdb_account_consistency_level":{},"azure_cosmosdb_account_enable_automatic_failover":{},"azure_cosmosdb_account_geo_location_failover_priority_1":{},"azure_cosmosdb_account_geo_location_failover_priority_2":{},"azure_cosmosdb_account_geo_location_location_1":{},"azure_cosmosdb_account_geo_location_location_2":{},"azure_cosmosdb_account_kind":{},"azure_cosmosdb_account_max_interval_in_seconds":{},"azure_cosmosdb_account_max_staleness_prefix":{},"azure_cosmosdb_account_name":{},"azure_cosmosdb_account_offer_type":{},"azure_key_vault_access_policy_key_permissions":{},"azure_key_vault_access_policy_secret_permissions":{},"azure_key_vault_access_policy_storage_permissions":{},"azure_key_vault_enabled_for_disk_encryption":{},"azure_key_vault_name":{},"azure_key_vault_purge_protection_enabled":{},"azure_key_vault_sku_name":{},"azure_key_vault_soft_delete_retention_days":{},"azure_kubernetes_cluster_default_node_pool_enable_auto_scaling":{},"azure_kubernetes_cluster_default_node_pool_max_count":{},"azure_kubernetes_cluster_default_node_pool_min_count":{},"azure_kubernetes_cluster_default_node_pool_name":{},"azure_kubernetes_cluster_default_node_pool_node_count":{},"azure_kubernetes_cluster_default_node_pool_type":{},"azure_kubernetes_cluster_default_node_pool_vm_size":{},"azure_kubernetes_cluster_dns_prefix":{},"azure_kubernetes_cluster_identity_type":{},"azure_kubernetes_cluster_name":{},"azure_kubernetes_cluster_private_cluster_enabled":{},"azure_kubernetes_private_dns_zone_name":{},"azure_kubernetes_role_assignment_role_definition_name":{},"azure_kubernetes_user_assigned_identity_name":{},"azure_nat_gateway_idle_timeout_in_minutes":{},"azure_nat_gateway_name":{},"azure_nat_gateway_sku_name":{},"azure_network_security_group_name":{},"azure_network_security_group_name_nsg_rules_inbound":{},"azure_network_security_group_name_nsg_rules_outbound":{},"azure_public_ip_name":{},"azure_public_ip_name_allocation_method":{},"azure_public_ip_prefix_length":{},"azure_public_ip_prefix_name":{},"azure_public_ip_sku":{},"azure_public_ip_sku_tier":{},"azure_resource_group_location":{},"azure_resource_group_name":{},"azure_storage_access_tier":{},"azure_storage_account_account_kind":{},"azure_storage_account_blob_properties_delete_retention_policy_days":{},"azure_storage_account_blob_properties_versioning_enabled":{},"azure_storage_account_enable_https_traffic_only":{},"azure_storage_account_min_tls_version":{},"azure_storage_account_name":{},"azure_storage_account_network_rules_default_action":{},"azure_storage_account_network_rules_ip_rules":{},"azure_storage_account_replication_type":{},"azure_storage_account_tier":{},"azure_vnet_address_space":{},"azure_vnet_dns_servers":{},"azure_vnet_name":{},"azure_vnet_private_subnet_address_prefixes":{},"azure_vnet_private_subnet_name":{},"azure_vnet_public_subnet_address_prefixes":{},"azure_vnet_public_subnet_name":{},"env":{},"primary_region":{},"project":{},"secondary_region":{}}}}}
